<?xml version="1.0" encoding="utf-8"?>
<Project ToolsVersion="4.0" xmlns="http://schemas.microsoft.com/developer/msbuild/2003">
  <ItemGroup>
    <Filter Include="Source Files">
      <UniqueIdentifier>{4FC737F1-C7A5-4376-A066-2A32D752A2FF}</UniqueIdentifier>
      <Extensions>cpp;c;cc;cxx;def;odl;idl;hpj;bat;asm;asmx</Extensions>
    </Filter>
    <Filter Include="Header Files">
      <UniqueIdentifier>{93995380-89BD-4b04-88EB-625FBE52EBFB}</UniqueIdentifier>
      <Extensions>h;hpp;hxx;hm;inl;inc;xsd</Extensions>
    </Filter>
    <Filter Include="Resource Files">
      <UniqueIdentifier>{67DA6AB6-F800-4c08-8B7A-83BB121AAD01}</UniqueIdentifier>
      <Extensions>rc;ico;cur;bmp;dlg;rc2;rct;bin;rgs;gif;jpg;jpeg;jpe;resx;tiff;tif;png;wav;mfcribbon-ms</Extensions>
    </Filter>
    <Filter Include="Header Files\xs">
      <UniqueIdentifier>{611d0f0f-5216-409b-b5f2-f719d7967c68}</UniqueIdentifier>
    </Filter>
    <Filter Include="Header Files\xs\__private">
      <UniqueIdentifier>{e6e90602-a24c-4af1-ad09-1a57c54c2359}</UniqueIdentifier>
    </Filter>
    <Filter Include="Header Files\eos-skl">
      <UniqueIdentifier>{0e41a099-2c49-4767-a1e0-c33511764311}</UniqueIdentifier>
    </Filter>
    <Filter Include="Header Files\std">
      <UniqueIdentifier>{8422a0ea-a4c3-43a2-a9b2-3bba68e8ae4c}</UniqueIdentifier>
    </Filter>
    <Filter Include="Header Files\eos-skl\__private">
      <UniqueIdentifier>{2e2a2abd-e919-4f16-b7c9-a94e3c041f42}</UniqueIdentifier>
    </Filter>
    <Filter Include="Header Files\eos-skl\__private\arch">
      <UniqueIdentifier>{6154787a-5a11-4c65-8b9e-17487404e1eb}</UniqueIdentifier>
    </Filter>
    <Filter Include="Header Files\win32">
      <UniqueIdentifier>{639412fe-9b33-4092-b1f5-40d5c43eb058}</UniqueIdentifier>
    </Filter>
  </ItemGroup>
  <ItemGroup>
    <ClCompile Include="source\__XSApplication.c">
      <Filter>Source Files</Filter>
    </ClCompile>
    <ClCompile Include="source\__XSApplicationArgument.c">
      <Filter>Source Files</Filter>
    </ClCompile>
    <ClCompile Include="source\__XSArray.c">
      <Filter>Source Files</Filter>
    </ClCompile>
    <ClCompile Include="source\__XSBag.c">
      <Filter>Source Files</Filter>
    </ClCompile>
    <ClCompile Include="source\__XSBool.c">
      <Filter>Source Files</Filter>
    </ClCompile>
    <ClCompile Include="source\__XSColor.c">
      <Filter>Source Files</Filter>
    </ClCompile>
    <ClCompile Include="source\__XSData.c">
      <Filter>Source Files</Filter>
    </ClCompile>
    <ClCompile Include="source\__XSDictionary.c">
      <Filter>Source Files</Filter>
    </ClCompile>
    <ClCompile Include="source\__XSError.c">
      <Filter>Source Files</Filter>
    </ClCompile>
    <ClCompile Include="source\__XSFile.c">
      <Filter>Source Files</Filter>
    </ClCompile>
    <ClCompile Include="source\__XSFunctions.c">
      <Filter>Source Files</Filter>
    </ClCompile>
    <ClCompile Include="source\__XSLock.c">
      <Filter>Source Files</Filter>
    </ClCompile>
    <ClCompile Include="source\__XSMemory.c">
      <Filter>Source Files</Filter>
    </ClCompile>
    <ClCompile Include="source\__XSMemoryDebug.c">
      <Filter>Source Files</Filter>
    </ClCompile>
    <ClCompile Include="source\__XSNotification.c">
      <Filter>Source Files</Filter>
    </ClCompile>
    <ClCompile Include="source\__XSNotificationCenter.c">
      <Filter>Source Files</Filter>
    </ClCompile>
    <ClCompile Include="source\__XSNull.c">
      <Filter>Source Files</Filter>
    </ClCompile>
    <ClCompile Include="source\__XSNumber.c">
      <Filter>Source Files</Filter>
    </ClCompile>
    <ClCompile Include="source\__XSSet.c">
      <Filter>Source Files</Filter>
    </ClCompile>
    <ClCompile Include="source\__XSString.c">
      <Filter>Source Files</Filter>
    </ClCompile>
    <ClCompile Include="source\__XSThread.c">
      <Filter>Source Files</Filter>
    </ClCompile>
    <ClCompile Include="source\__XSTimer.c">
      <Filter>Source Files</Filter>
    </ClCompile>
    <ClCompile Include="source\eos-skl.c">
      <Filter>Source Files</Filter>
    </ClCompile>
    <ClCompile Include="source\std-md5.c">
      <Filter>Source Files</Filter>
    </ClCompile>
    <ClCompile Include="source\std-string.c">
      <Filter>Source Files</Filter>
    </ClCompile>
    <ClCompile Include="source\XSApplication.c">
      <Filter>Source Files</Filter>
    </ClCompile>
    <ClCompile Include="source\XSApplicationArgument.c">
      <Filter>Source Files</Filter>
    </ClCompile>
    <ClCompile Include="source\XSArray.c">
      <Filter>Source Files</Filter>
    </ClCompile>
    <ClCompile Include="source\XSBag.c">
      <Filter>Source Files</Filter>
    </ClCompile>
    <ClCompile Include="source\XSBool.c">
      <Filter>Source Files</Filter>
    </ClCompile>
    <ClCompile Include="source\XSColor.c">
      <Filter>Source Files</Filter>
    </ClCompile>
    <ClCompile Include="source\XSData.c">
      <Filter>Source Files</Filter>
    </ClCompile>
    <ClCompile Include="source\XSDictionary.c">
      <Filter>Source Files</Filter>
    </ClCompile>
    <ClCompile Include="source\XSError.c">
      <Filter>Source Files</Filter>
    </ClCompile>
    <ClCompile Include="source\XSFile.c">
      <Filter>Source Files</Filter>
    </ClCompile>
    <ClCompile Include="source\XSFunctions.c">
      <Filter>Source Files</Filter>
    </ClCompile>
    <ClCompile Include="source\XSLock.c">
      <Filter>Source Files</Filter>
    </ClCompile>
    <ClCompile Include="source\XSMemory.c">
      <Filter>Source Files</Filter>
    </ClCompile>
    <ClCompile Include="source\XSNotification.c">
      <Filter>Source Files</Filter>
    </ClCompile>
    <ClCompile Include="source\XSNotificationCenter.c">
      <Filter>Source Files</Filter>
    </ClCompile>
    <ClCompile Include="source\XSNull.c">
      <Filter>Source Files</Filter>
    </ClCompile>
    <ClCompile Include="source\XSNumber.c">
      <Filter>Source Files</Filter>
    </ClCompile>
    <ClCompile Include="source\XSRuntime.c">
      <Filter>Source Files</Filter>
    </ClCompile>
    <ClCompile Include="source\XSSet.c">
      <Filter>Source Files</Filter>
    </ClCompile>
    <ClCompile Include="source\XSString.c">
      <Filter>Source Files</Filter>
    </ClCompile>
    <ClCompile Include="source\XSThread.c">
      <Filter>Source Files</Filter>
    </ClCompile>
    <ClCompile Include="source\XSTimer.c">
      <Filter>Source Files</Filter>
    </ClCompile>
    <ClCompile Include="source\win32-getpid.c">
      <Filter>Source Files</Filter>
    </ClCompile>
    <ClCompile Include="source\win32-pthread.c">
      <Filter>Source Files</Filter>
    </ClCompile>
    <ClCompile Include="source\win32-signal.c">
      <Filter>Source Files</Filter>
    </ClCompile>
    <ClCompile Include="source\win32-stat.c">
      <Filter>Source Files</Filter>
    </ClCompile>
    <ClCompile Include="source\win32-usleep.c">
      <Filter>Source Files</Filter>
    </ClCompile>
  </ItemGroup>
  <ItemGroup>
    <ClInclude Include="source\include\std\std-ascii.h">
      <Filter>Header Files\std</Filter>
    </ClInclude>
    <ClInclude Include="source\include\std\std.h">
      <Filter>Header Files\std</Filter>
    </ClInclude>
    <ClInclude Include="source\include\std\std-bitwise.h">
      <Filter>Header Files\std</Filter>
    </ClInclude>
    <ClInclude Include="source\include\std\std-bool.h">
      <Filter>Header Files\std</Filter>
    </ClInclude>
    <ClInclude Include="source\include\std\std-c99.h">
      <Filter>Header Files\std</Filter>
    </ClInclude>
    <ClInclude Include="source\include\std\std-keywords.h">
      <Filter>Header Files\std</Filter>
    </ClInclude>
    <ClInclude Include="source\include\std\std-math.h">
      <Filter>Header Files\std</Filter>
    </ClInclude>
    <ClInclude Include="source\include\std\std-md5.h">
      <Filter>Header Files\std</Filter>
    </ClInclude>
    <ClInclude Include="source\include\std\std-posix.h">
      <Filter>Header Files\std</Filter>
    </ClInclude>
    <ClInclude Include="source\include\std\std-string.h">
      <Filter>Header Files\std</Filter>
    </ClInclude>
    <ClInclude Include="source\include\eos-skl\eos-skl.h">
      <Filter>Header Files\eos-skl</Filter>
    </ClInclude>
    <ClInclude Include="source\include\eos-skl\__private\arch\__arm.h">
      <Filter>Header Files\eos-skl\__private\arch</Filter>
    </ClInclude>
    <ClInclude Include="source\include\eos-skl\__private\arch\__i386.h">
      <Filter>Header Files\eos-skl\__private\arch</Filter>
    </ClInclude>
    <ClInclude Include="source\include\eos-skl\__private\__machine.h">
      <Filter>Header Files\eos-skl\__private</Filter>
    </ClInclude>
    <ClInclude Include="source\include\win32\win32.h">
      <Filter>Header Files\win32</Filter>
    </ClInclude>
    <ClInclude Include="source\include\xs\__private\__XSApplication.h">
      <Filter>Header Files\xs\__private</Filter>
    </ClInclude>
    <ClInclude Include="source\include\xs\__private\__XSTimer.h">
      <Filter>Header Files\xs\__private</Filter>
    </ClInclude>
    <ClInclude Include="source\include\xs\__private\__XSApplicationArgument.h">
      <Filter>Header Files\xs\__private</Filter>
    </ClInclude>
    <ClInclude Include="source\include\xs\__private\__XSArray.h">
      <Filter>Header Files\xs\__private</Filter>
    </ClInclude>
    <ClInclude Include="source\include\xs\__private\__XSBag.h">
      <Filter>Header Files\xs\__private</Filter>
    </ClInclude>
    <ClInclude Include="source\include\xs\__private\__XSBool.h">
      <Filter>Header Files\xs\__private</Filter>
    </ClInclude>
    <ClInclude Include="source\include\xs\__private\__XSColor.h">
      <Filter>Header Files\xs\__private</Filter>
    </ClInclude>
    <ClInclude Include="source\include\xs\__private\__XSData.h">
      <Filter>Header Files\xs\__private</Filter>
    </ClInclude>
    <ClInclude Include="source\include\xs\__private\__XSDictionary.h">
      <Filter>Header Files\xs\__private</Filter>
    </ClInclude>
    <ClInclude Include="source\include\xs\__private\__XSError.h">
      <Filter>Header Files\xs\__private</Filter>
    </ClInclude>
    <ClInclude Include="source\include\xs\__private\__XSFile.h">
      <Filter>Header Files\xs\__private</Filter>
    </ClInclude>
    <ClInclude Include="source\include\xs\__private\__XSFunctions.h">
      <Filter>Header Files\xs\__private</Filter>
    </ClInclude>
    <ClInclude Include="source\include\xs\__private\__XSLock.h">
      <Filter>Header Files\xs\__private</Filter>
    </ClInclude>
    <ClInclude Include="source\include\xs\__private\__XSMemory.h">
      <Filter>Header Files\xs\__private</Filter>
    </ClInclude>
    <ClInclude Include="source\include\xs\__private\__XSMemoryDebug.h">
      <Filter>Header Files\xs\__private</Filter>
    </ClInclude>
    <ClInclude Include="source\include\xs\__private\__XSNotification.h">
      <Filter>Header Files\xs\__private</Filter>
    </ClInclude>
    <ClInclude Include="source\include\xs\__private\__XSNotificationCenter.h">
      <Filter>Header Files\xs\__private</Filter>
    </ClInclude>
    <ClInclude Include="source\include\xs\__private\__XSNull.h">
      <Filter>Header Files\xs\__private</Filter>
    </ClInclude>
    <ClInclude Include="source\include\xs\__private\__XSNumber.h">
      <Filter>Header Files\xs\__private</Filter>
    </ClInclude>
    <ClInclude Include="source\include\xs\__private\__XSSet.h">
      <Filter>Header Files\xs\__private</Filter>
    </ClInclude>
    <ClInclude Include="source\include\xs\__private\__XSString.h">
      <Filter>Header Files\xs\__private</Filter>
    </ClInclude>
    <ClInclude Include="source\include\xs\__private\__XSThread.h">
      <Filter>Header Files\xs\__private</Filter>
    </ClInclude>
    <ClInclude Include="source\include\XS.h">
      <Filter>Header Files\xs</Filter>
    </ClInclude>
    <ClInclude Include="source\include\xs\XSTypes.h">
      <Filter>Header Files\xs</Filter>
    </ClInclude>
    <ClInclude Include="source\include\xs\XSApplication.h">
      <Filter>Header Files\xs</Filter>
    </ClInclude>
    <ClInclude Include="source\include\xs\XSApplicationArgument.h">
      <Filter>Header Files\xs</Filter>
    </ClInclude>
    <ClInclude Include="source\include\xs\XSArray.h">
      <Filter>Header Files\xs</Filter>
    </ClInclude>
    <ClInclude Include="source\include\xs\XSBag.h">
      <Filter>Header Files\xs</Filter>
    </ClInclude>
    <ClInclude Include="source\include\xs\XSBool.h">
      <Filter>Header Files\xs</Filter>
    </ClInclude>
    <ClInclude Include="source\include\xs\XSColor.h">
      <Filter>Header Files\xs</Filter>
    </ClInclude>
    <ClInclude Include="source\include\xs\XSConstants.h">
      <Filter>Header Files\xs</Filter>
    </ClInclude>
    <ClInclude Include="source\include\xs\XSData.h">
      <Filter>Header Files\xs</Filter>
    </ClInclude>
    <ClInclude Include="source\include\xs\XSDictionary.h">
      <Filter>Header Files\xs</Filter>
    </ClInclude>
    <ClInclude Include="source\include\xs\XSError.h">
      <Filter>Header Files\xs</Filter>
    </ClInclude>
    <ClInclude Include="source\include\xs\XSFile.h">
      <Filter>Header Files\xs</Filter>
    </ClInclude>
    <ClInclude Include="source\include\xs\XSFunctions.h">
      <Filter>Header Files\xs</Filter>
    </ClInclude>
    <ClInclude Include="source\include\xs\XSLock.h">
      <Filter>Header Files\xs</Filter>
    </ClInclude>
    <ClInclude Include="source\include\xs\XSMacros.h">
      <Filter>Header Files\xs</Filter>
    </ClInclude>
    <ClInclude Include="source\include\xs\XSMacrosTarget.h">
      <Filter>Header Files\xs</Filter>
    </ClInclude>
    <ClInclude Include="source\include\xs\XSMemory.h">
      <Filter>Header Files\xs</Filter>
    </ClInclude>
    <ClInclude Include="source\include\xs\XSNotification.h">
      <Filter>Header Files\xs</Filter>
    </ClInclude>
    <ClInclude Include="source\include\xs\XSNotificationCenter.h">
      <Filter>Header Files\xs</Filter>
    </ClInclude>
    <ClInclude Include="source\include\xs\XSNull.h">
      <Filter>Header Files\xs</Filter>
    </ClInclude>
    <ClInclude Include="source\include\xs\XSNumber.h">
      <Filter>Header Files\xs</Filter>
    </ClInclude>
    <ClInclude Include="source\include\xs\XSRuntime.h">
      <Filter>Header Files\xs</Filter>
    </ClInclude>
    <ClInclude Include="source\include\xs\XSSet.h">
      <Filter>Header Files\xs</Filter>
    </ClInclude>
    <ClInclude Include="source\include\xs\XSString.h">
      <Filter>Header Files\xs</Filter>
    </ClInclude>
    <ClInclude Include="source\include\xs\XSThread.h">
      <Filter>Header Files\xs</Filter>
    </ClInclude>
    <ClInclude Include="source\include\xs\XSTimer.h">
      <Filter>Header Files\xs</Filter>
    </ClInclude>
    <ClInclude Include="source\include\win32\win32-compat.h">
      <Filter>Header Files\win32</Filter>
    </ClInclude>
    <ClInclude Include="source\include\win32\win32-getpid.h">
      <Filter>Header Files\win32</Filter>
    </ClInclude>
    <ClInclude Include="source\include\win32\win32-pthread.h">
      <Filter>Header Files\win32</Filter>
    </ClInclude>
    <ClInclude Include="source\include\win32\win32-signal.h">
      <Filter>Header Files\win32</Filter>
    </ClInclude>
    <ClInclude Include="source\include\win32\win32-stat.h">
      <Filter>Header Files\win32</Filter>
    </ClInclude>
    <ClInclude Include="source\include\win32\win32-types.h">
      <Filter>Header Files\win32</Filter>
    </ClInclude>
    <ClInclude Include="source\include\win32\win32-usleep.h">
      <Filter>Header Files\win32</Filter>
    </ClInclude>
  </ItemGroup>
</Project>