// !$*UTF8*$!
{
	archiveVersion = 1;
	classes = {
	};
	objectVersion = 46;
	objects = {

/* Begin PBXFileReference section */
		056003BB1340621F005DC721 /* LICENSE.txt */ = {isa = PBXFileReference; fileEncoding = 4; lastKnownFileType = text; path = LICENSE.txt; sourceTree = "<group>"; };
		056003BC1340621F005DC721 /* Makefile */ = {isa = PBXFileReference; fileEncoding = 4; lastKnownFileType = sourcecode.make; path = Makefile; sourceTree = "<group>"; };
		056003BE1340621F005DC721 /* __XSMemory.c */ = {isa = PBXFileReference; fileEncoding = 4; lastKnownFileType = sourcecode.c.c; path = __XSMemory.c; sourceTree = "<group>"; };
		056003C51340621F005DC721 /* std-ascii.h */ = {isa = PBXFileReference; fileEncoding = 4; lastKnownFileType = sourcecode.c.h; path = "std-ascii.h"; sourceTree = "<group>"; };
		056003C61340621F005DC721 /* std-bitwise.h */ = {isa = PBXFileReference; fileEncoding = 4; lastKnownFileType = sourcecode.c.h; path = "std-bitwise.h"; sourceTree = "<group>"; };
		056003C71340621F005DC721 /* std-bool.h */ = {isa = PBXFileReference; fileEncoding = 4; lastKnownFileType = sourcecode.c.h; path = "std-bool.h"; sourceTree = "<group>"; };
		056003C81340621F005DC721 /* std-c99.h */ = {isa = PBXFileReference; fileEncoding = 4; lastKnownFileType = sourcecode.c.h; path = "std-c99.h"; sourceTree = "<group>"; };
		056003C91340621F005DC721 /* std-keywords.h */ = {isa = PBXFileReference; fileEncoding = 4; lastKnownFileType = sourcecode.c.h; path = "std-keywords.h"; sourceTree = "<group>"; };
		056003CA1340621F005DC721 /* std-math.h */ = {isa = PBXFileReference; fileEncoding = 4; lastKnownFileType = sourcecode.c.h; path = "std-math.h"; sourceTree = "<group>"; };
		056003CB1340621F005DC721 /* std-posix.h */ = {isa = PBXFileReference; fileEncoding = 4; lastKnownFileType = sourcecode.c.h; path = "std-posix.h"; sourceTree = "<group>"; };
		056003CC1340621F005DC721 /* std-string.h */ = {isa = PBXFileReference; fileEncoding = 4; lastKnownFileType = sourcecode.c.h; path = "std-string.h"; sourceTree = "<group>"; };
		056003CD1340621F005DC721 /* std.h */ = {isa = PBXFileReference; fileEncoding = 4; lastKnownFileType = sourcecode.c.h; path = std.h; sourceTree = "<group>"; };
		056003CF1340621F005DC721 /* XSConstants.h */ = {isa = PBXFileReference; fileEncoding = 4; lastKnownFileType = sourcecode.c.h; path = XSConstants.h; sourceTree = "<group>"; };
		056003D01340621F005DC721 /* XSFile.h */ = {isa = PBXFileReference; fileEncoding = 4; lastKnownFileType = sourcecode.c.h; path = XSFile.h; sourceTree = "<group>"; };
		056003D11340621F005DC721 /* XSFunctions.h */ = {isa = PBXFileReference; fileEncoding = 4; lastKnownFileType = sourcecode.c.h; path = XSFunctions.h; sourceTree = "<group>"; };
		056003D21340621F005DC721 /* XSMemory.h */ = {isa = PBXFileReference; fileEncoding = 4; lastKnownFileType = sourcecode.c.h; path = XSMemory.h; sourceTree = "<group>"; };
		056003D31340621F005DC721 /* XSString.h */ = {isa = PBXFileReference; fileEncoding = 4; lastKnownFileType = sourcecode.c.h; path = XSString.h; sourceTree = "<group>"; };
		056003D41340621F005DC721 /* XSTypes.h */ = {isa = PBXFileReference; fileEncoding = 4; lastKnownFileType = sourcecode.c.h; path = XSTypes.h; sourceTree = "<group>"; };
		056003D51340621F005DC721 /* XS.h */ = {isa = PBXFileReference; fileEncoding = 4; lastKnownFileType = sourcecode.c.h; path = XS.h; sourceTree = "<group>"; };
		056003D61340621F005DC721 /* std-string.c */ = {isa = PBXFileReference; fileEncoding = 4; lastKnownFileType = sourcecode.c.c; path = "std-string.c"; sourceTree = "<group>"; };
		056003D71340621F005DC721 /* XSFunctions.c */ = {isa = PBXFileReference; fileEncoding = 4; lastKnownFileType = sourcecode.c.c; path = XSFunctions.c; sourceTree = "<group>"; };
		056003D81340621F005DC721 /* XSMemory.c */ = {isa = PBXFileReference; fileEncoding = 4; lastKnownFileType = sourcecode.c.c; path = XSMemory.c; sourceTree = "<group>"; };
		056003D91340621F005DC721 /* XSString.c */ = {isa = PBXFileReference; fileEncoding = 4; lastKnownFileType = sourcecode.c.c; path = XSString.c; sourceTree = "<group>"; };
		056003E2134069EC005DC721 /* XSFile.c */ = {isa = PBXFileReference; fileEncoding = 4; lastKnownFileType = sourcecode.c.c; path = XSFile.c; sourceTree = "<group>"; };
		056003E313406B51005DC721 /* __XSFile.c */ = {isa = PBXFileReference; fileEncoding = 4; lastKnownFileType = sourcecode.c.c; path = __XSFile.c; sourceTree = "<group>"; };
		056003E613408187005DC721 /* XSRuntime.c */ = {isa = PBXFileReference; fileEncoding = 4; lastKnownFileType = sourcecode.c.c; path = XSRuntime.c; sourceTree = "<group>"; };
		056003E713408197005DC721 /* XSRuntime.h */ = {isa = PBXFileReference; fileEncoding = 4; lastKnownFileType = sourcecode.c.h; path = XSRuntime.h; sourceTree = "<group>"; };
		056003E81340875C005DC721 /* __XSString.c */ = {isa = PBXFileReference; fileEncoding = 4; lastKnownFileType = sourcecode.c.c; path = __XSString.c; sourceTree = "<group>"; };
		056003ED13409910005DC721 /* test.c */ = {isa = PBXFileReference; fileEncoding = 4; lastKnownFileType = sourcecode.c.c; path = test.c; sourceTree = "<group>"; };
		056003EE1340BB05005DC721 /* XSArray.h */ = {isa = PBXFileReference; fileEncoding = 4; lastKnownFileType = sourcecode.c.h; path = XSArray.h; sourceTree = "<group>"; };
		056003F01340BB34005DC721 /* __XSArray.c */ = {isa = PBXFileReference; fileEncoding = 4; lastKnownFileType = sourcecode.c.c; path = __XSArray.c; sourceTree = "<group>"; };
		056003F11340BB3F005DC721 /* XSArray.c */ = {isa = PBXFileReference; fileEncoding = 4; lastKnownFileType = sourcecode.c.c; path = XSArray.c; sourceTree = "<group>"; };
		056003F3134106B5005DC721 /* __XSFunctions.c */ = {isa = PBXFileReference; fileEncoding = 4; lastKnownFileType = sourcecode.c.c; path = __XSFunctions.c; sourceTree = "<group>"; };
		0560040913412858005DC721 /* XSData.h */ = {isa = PBXFileReference; fileEncoding = 4; lastKnownFileType = sourcecode.c.h; path = XSData.h; sourceTree = "<group>"; };
		0560040A13412858005DC721 /* XSDate.h */ = {isa = PBXFileReference; fileEncoding = 4; lastKnownFileType = sourcecode.c.h; path = XSDate.h; sourceTree = "<group>"; };
		0560040B13412858005DC721 /* XSDictionary.h */ = {isa = PBXFileReference; fileEncoding = 4; lastKnownFileType = sourcecode.c.h; path = XSDictionary.h; sourceTree = "<group>"; };
		0560040C13412858005DC721 /* XSError.h */ = {isa = PBXFileReference; fileEncoding = 4; lastKnownFileType = sourcecode.c.h; path = XSError.h; sourceTree = "<group>"; };
		0560040D13412858005DC721 /* XSNumber.h */ = {isa = PBXFileReference; fileEncoding = 4; lastKnownFileType = sourcecode.c.h; path = XSNumber.h; sourceTree = "<group>"; };
		0560040E13412858005DC721 /* XSSet.h */ = {isa = PBXFileReference; fileEncoding = 4; lastKnownFileType = sourcecode.c.h; path = XSSet.h; sourceTree = "<group>"; };
		0560040F13412858005DC721 /* XSTree.h */ = {isa = PBXFileReference; fileEncoding = 4; lastKnownFileType = sourcecode.c.h; path = XSTree.h; sourceTree = "<group>"; };
		0560041013412858005DC721 /* XSURL.h */ = {isa = PBXFileReference; fileEncoding = 4; lastKnownFileType = sourcecode.c.h; path = XSURL.h; sourceTree = "<group>"; };
		0560041113412865005DC721 /* __XSData.c */ = {isa = PBXFileReference; fileEncoding = 4; lastKnownFileType = sourcecode.c.c; path = __XSData.c; sourceTree = "<group>"; };
		0560041213412865005DC721 /* __XSDate.c */ = {isa = PBXFileReference; fileEncoding = 4; lastKnownFileType = sourcecode.c.c; path = __XSDate.c; sourceTree = "<group>"; };
		0560041313412865005DC721 /* __XSDictionary.c */ = {isa = PBXFileReference; fileEncoding = 4; lastKnownFileType = sourcecode.c.c; path = __XSDictionary.c; sourceTree = "<group>"; };
		0560041413412865005DC721 /* __XSError.c */ = {isa = PBXFileReference; fileEncoding = 4; lastKnownFileType = sourcecode.c.c; path = __XSError.c; sourceTree = "<group>"; };
		0560041513412866005DC721 /* __XSNumber.c */ = {isa = PBXFileReference; fileEncoding = 4; lastKnownFileType = sourcecode.c.c; path = __XSNumber.c; sourceTree = "<group>"; };
		0560041613412866005DC721 /* __XSSet.c */ = {isa = PBXFileReference; fileEncoding = 4; lastKnownFileType = sourcecode.c.c; path = __XSSet.c; sourceTree = "<group>"; };
		0560041713412866005DC721 /* __XSTree.c */ = {isa = PBXFileReference; fileEncoding = 4; lastKnownFileType = sourcecode.c.c; path = __XSTree.c; sourceTree = "<group>"; };
		0560041813412866005DC721 /* __XSURL.c */ = {isa = PBXFileReference; fileEncoding = 4; lastKnownFileType = sourcecode.c.c; path = __XSURL.c; sourceTree = "<group>"; };
		0560041913412867005DC721 /* XSData.c */ = {isa = PBXFileReference; fileEncoding = 4; lastKnownFileType = sourcecode.c.c; path = XSData.c; sourceTree = "<group>"; };
		0560041A13412867005DC721 /* XSDate.c */ = {isa = PBXFileReference; fileEncoding = 4; lastKnownFileType = sourcecode.c.c; path = XSDate.c; sourceTree = "<group>"; };
		0560041B13412867005DC721 /* XSDictionary.c */ = {isa = PBXFileReference; fileEncoding = 4; lastKnownFileType = sourcecode.c.c; path = XSDictionary.c; sourceTree = "<group>"; };
		0560041C13412867005DC721 /* XSError.c */ = {isa = PBXFileReference; fileEncoding = 4; lastKnownFileType = sourcecode.c.c; path = XSError.c; sourceTree = "<group>"; };
		0560041D13412868005DC721 /* XSNumber.c */ = {isa = PBXFileReference; fileEncoding = 4; lastKnownFileType = sourcecode.c.c; path = XSNumber.c; sourceTree = "<group>"; };
		0560041E13412868005DC721 /* XSSet.c */ = {isa = PBXFileReference; fileEncoding = 4; lastKnownFileType = sourcecode.c.c; path = XSSet.c; sourceTree = "<group>"; };
		0560041F13412869005DC721 /* XSTree.c */ = {isa = PBXFileReference; fileEncoding = 4; lastKnownFileType = sourcecode.c.c; path = XSTree.c; sourceTree = "<group>"; };
		0560042013412869005DC721 /* XSURL.c */ = {isa = PBXFileReference; fileEncoding = 4; lastKnownFileType = sourcecode.c.c; path = XSURL.c; sourceTree = "<group>"; };
		0560042113417F6F005DC721 /* XSMacros.h */ = {isa = PBXFileReference; fileEncoding = 4; lastKnownFileType = sourcecode.c.h; path = XSMacros.h; sourceTree = "<group>"; };
		05600422134184BD005DC721 /* XSMacrosTarget.h */ = {isa = PBXFileReference; fileEncoding = 4; lastKnownFileType = sourcecode.c.h; path = XSMacrosTarget.h; sourceTree = "<group>"; };
		05AC165713418E7100455568 /* __XSArray.h */ = {isa = PBXFileReference; fileEncoding = 4; lastKnownFileType = sourcecode.c.h; path = __XSArray.h; sourceTree = "<group>"; };
		05AC165813418E7100455568 /* __XSData.h */ = {isa = PBXFileReference; fileEncoding = 4; lastKnownFileType = sourcecode.c.h; path = __XSData.h; sourceTree = "<group>"; };
		05AC165913418E7100455568 /* __XSDate.h */ = {isa = PBXFileReference; fileEncoding = 4; lastKnownFileType = sourcecode.c.h; path = __XSDate.h; sourceTree = "<group>"; };
		05AC165A13418E7100455568 /* __XSDictionary.h */ = {isa = PBXFileReference; fileEncoding = 4; lastKnownFileType = sourcecode.c.h; path = __XSDictionary.h; sourceTree = "<group>"; };
		05AC165B13418E7100455568 /* __XSError.h */ = {isa = PBXFileReference; fileEncoding = 4; lastKnownFileType = sourcecode.c.h; path = __XSError.h; sourceTree = "<group>"; };
		05AC165C13418E7100455568 /* __XSFile.h */ = {isa = PBXFileReference; fileEncoding = 4; lastKnownFileType = sourcecode.c.h; path = __XSFile.h; sourceTree = "<group>"; };
		05AC165D13418E7100455568 /* __XSFunctions.h */ = {isa = PBXFileReference; fileEncoding = 4; lastKnownFileType = sourcecode.c.h; path = __XSFunctions.h; sourceTree = "<group>"; };
		05AC165E13418E7100455568 /* __XSMemory.h */ = {isa = PBXFileReference; fileEncoding = 4; lastKnownFileType = sourcecode.c.h; path = __XSMemory.h; sourceTree = "<group>"; };
		05AC165F13418E7100455568 /* __XSNumber.h */ = {isa = PBXFileReference; fileEncoding = 4; lastKnownFileType = sourcecode.c.h; path = __XSNumber.h; sourceTree = "<group>"; };
		05AC166013418E7100455568 /* __XSSet.h */ = {isa = PBXFileReference; fileEncoding = 4; lastKnownFileType = sourcecode.c.h; path = __XSSet.h; sourceTree = "<group>"; };
		05AC166113418E7100455568 /* __XSString.h */ = {isa = PBXFileReference; fileEncoding = 4; lastKnownFileType = sourcecode.c.h; path = __XSString.h; sourceTree = "<group>"; };
		05AC166213418E7100455568 /* __XSTree.h */ = {isa = PBXFileReference; fileEncoding = 4; lastKnownFileType = sourcecode.c.h; path = __XSTree.h; sourceTree = "<group>"; };
		05AC166313418E7100455568 /* __XSURL.h */ = {isa = PBXFileReference; fileEncoding = 4; lastKnownFileType = sourcecode.c.h; path = __XSURL.h; sourceTree = "<group>"; };
		05AC166A134192BF00455568 /* README.mdown */ = {isa = PBXFileReference; fileEncoding = 4; lastKnownFileType = text; path = README.mdown; sourceTree = "<group>"; };
/* End PBXFileReference section */

/* Begin PBXGroup section */
		056003A813406206005DC721 = {
			isa = PBXGroup;
			children = (
				05AC166A134192BF00455568 /* README.mdown */,
				056003BB1340621F005DC721 /* LICENSE.txt */,
				056003BC1340621F005DC721 /* Makefile */,
				056003ED13409910005DC721 /* test.c */,
				056003BD1340621F005DC721 /* source */,
			);
			sourceTree = "<group>";
		};
		056003BD1340621F005DC721 /* source */ = {
			isa = PBXGroup;
			children = (
				056003BF1340621F005DC721 /* include */,
				056003F01340BB34005DC721 /* __XSArray.c */,
				0560041113412865005DC721 /* __XSData.c */,
				0560041213412865005DC721 /* __XSDate.c */,
				0560041313412865005DC721 /* __XSDictionary.c */,
				0560041413412865005DC721 /* __XSError.c */,
				056003E313406B51005DC721 /* __XSFile.c */,
				056003F3134106B5005DC721 /* __XSFunctions.c */,
				056003BE1340621F005DC721 /* __XSMemory.c */,
				0560041513412866005DC721 /* __XSNumber.c */,
				0560041613412866005DC721 /* __XSSet.c */,
				056003E81340875C005DC721 /* __XSString.c */,
				0560041713412866005DC721 /* __XSTree.c */,
				0560041813412866005DC721 /* __XSURL.c */,
				056003F11340BB3F005DC721 /* XSArray.c */,
				0560041913412867005DC721 /* XSData.c */,
				0560041A13412867005DC721 /* XSDate.c */,
				0560041B13412867005DC721 /* XSDictionary.c */,
				0560041C13412867005DC721 /* XSError.c */,
				056003E2134069EC005DC721 /* XSFile.c */,
				056003D71340621F005DC721 /* XSFunctions.c */,
				056003D81340621F005DC721 /* XSMemory.c */,
				0560041D13412868005DC721 /* XSNumber.c */,
				056003E613408187005DC721 /* XSRuntime.c */,
				0560041E13412868005DC721 /* XSSet.c */,
				056003D91340621F005DC721 /* XSString.c */,
				0560041F13412869005DC721 /* XSTree.c */,
				0560042013412869005DC721 /* XSURL.c */,
				056003D61340621F005DC721 /* std-string.c */,
			);
			path = source;
			sourceTree = "<group>";
		};
		056003BF1340621F005DC721 /* include */ = {
			isa = PBXGroup;
			children = (
				056003C41340621F005DC721 /* std */,
				056003CE1340621F005DC721 /* xs */,
				056003D51340621F005DC721 /* XS.h */,
			);
			path = include;
			sourceTree = "<group>";
		};
		056003C41340621F005DC721 /* std */ = {
			isa = PBXGroup;
			children = (
				056003C51340621F005DC721 /* std-ascii.h */,
				056003C61340621F005DC721 /* std-bitwise.h */,
				056003C71340621F005DC721 /* std-bool.h */,
				056003C81340621F005DC721 /* std-c99.h */,
				056003C91340621F005DC721 /* std-keywords.h */,
				056003CA1340621F005DC721 /* std-math.h */,
				056003CB1340621F005DC721 /* std-posix.h */,
				056003CC1340621F005DC721 /* std-string.h */,
				056003CD1340621F005DC721 /* std.h */,
			);
			path = std;
			sourceTree = "<group>";
		};
		056003CE1340621F005DC721 /* xs */ = {
			isa = PBXGroup;
			children = (
				05AC165613418E7100455568 /* __private */,
				056003EE1340BB05005DC721 /* XSArray.h */,
				056003CF1340621F005DC721 /* XSConstants.h */,
				0560040913412858005DC721 /* XSData.h */,
				0560040A13412858005DC721 /* XSDate.h */,
				0560040B13412858005DC721 /* XSDictionary.h */,
				0560040C13412858005DC721 /* XSError.h */,
				056003D01340621F005DC721 /* XSFile.h */,
				056003D11340621F005DC721 /* XSFunctions.h */,
				0560042113417F6F005DC721 /* XSMacros.h */,
				05600422134184BD005DC721 /* XSMacrosTarget.h */,
				056003D21340621F005DC721 /* XSMemory.h */,
				0560040D13412858005DC721 /* XSNumber.h */,
				056003E713408197005DC721 /* XSRuntime.h */,
				0560040E13412858005DC721 /* XSSet.h */,
				056003D31340621F005DC721 /* XSString.h */,
				0560040F13412858005DC721 /* XSTree.h */,
				056003D41340621F005DC721 /* XSTypes.h */,
				0560041013412858005DC721 /* XSURL.h */,
			);
			path = xs;
			sourceTree = "<group>";
		};
		05AC165613418E7100455568 /* __private */ = {
			isa = PBXGroup;
			children = (
				05AC165713418E7100455568 /* __XSArray.h */,
				05AC165813418E7100455568 /* __XSData.h */,
				05AC165913418E7100455568 /* __XSDate.h */,
				05AC165A13418E7100455568 /* __XSDictionary.h */,
				05AC165B13418E7100455568 /* __XSError.h */,
				05AC165C13418E7100455568 /* __XSFile.h */,
				05AC165D13418E7100455568 /* __XSFunctions.h */,
				05AC165E13418E7100455568 /* __XSMemory.h */,
				05AC165F13418E7100455568 /* __XSNumber.h */,
				05AC166013418E7100455568 /* __XSSet.h */,
				05AC166113418E7100455568 /* __XSString.h */,
				05AC166213418E7100455568 /* __XSTree.h */,
				05AC166313418E7100455568 /* __XSURL.h */,
			);
			path = __private;
			sourceTree = "<group>";
		};
/* End PBXGroup section */

/* Begin PBXLegacyTarget section */
		056003AF13406206005DC721 /* XSFoundation */ = {
			isa = PBXLegacyTarget;
			buildArgumentsString = "$(ACTION)";
			buildConfigurationList = 056003B213406206005DC721 /* Build configuration list for PBXLegacyTarget "XSFoundation" */;
			buildPhases = (
			);
			buildToolPath = /usr/bin/make;
			dependencies = (
			);
			name = XSFoundation;
			passBuildSettingsInEnvironment = 1;
			productName = XSFoundation;
		};
/* End PBXLegacyTarget section */

/* Begin PBXProject section */
		056003AA13406206005DC721 /* Project object */ = {
			isa = PBXProject;
			attributes = {
				ORGANIZATIONNAME = eosgarden;
			};
			buildConfigurationList = 056003AD13406206005DC721 /* Build configuration list for PBXProject "XSFoundation" */;
			compatibilityVersion = "Xcode 3.2";
			developmentRegion = English;
			hasScannedForEncodings = 0;
			knownRegions = (
				en,
			);
			mainGroup = 056003A813406206005DC721;
			projectDirPath = "";
			projectRoot = "";
			targets = (
				056003AF13406206005DC721 /* XSFoundation */,
			);
		};
/* End PBXProject section */

/* Begin XCBuildConfiguration section */
		056003B013406206005DC721 /* Debug */ = {
			isa = XCBuildConfiguration;
			buildSettings = {
				ARCHS = "$(ARCHS_STANDARD_32_64_BIT)";
				GCC_C_LANGUAGE_STANDARD = gnu99;
				GCC_OPTIMIZATION_LEVEL = 0;
				GCC_PREPROCESSOR_DEFINITIONS = DEBUG;
				GCC_SYMBOLS_PRIVATE_EXTERN = NO;
				GCC_VERSION = com.apple.compilers.llvm.clang.1_0;
				GCC_WARN_64_TO_32_BIT_CONVERSION = YES;
				GCC_WARN_ABOUT_RETURN_TYPE = YES;
				GCC_WARN_UNUSED_VARIABLE = YES;
				MACOSX_DEPLOYMENT_TARGET = 10.6;
				ONLY_ACTIVE_ARCH = YES;
				SDKROOT = macosx;
			};
			name = Debug;
		};
		056003B113406206005DC721 /* Release */ = {
			isa = XCBuildConfiguration;
			buildSettings = {
				ARCHS = "$(ARCHS_STANDARD_32_64_BIT)";
				GCC_C_LANGUAGE_STANDARD = gnu99;
				GCC_VERSION = com.apple.compilers.llvm.clang.1_0;
				GCC_WARN_64_TO_32_BIT_CONVERSION = YES;
				GCC_WARN_ABOUT_RETURN_TYPE = YES;
				GCC_WARN_UNUSED_VARIABLE = YES;
				MACOSX_DEPLOYMENT_TARGET = 10.6;
				SDKROOT = macosx;
			};
			name = Release;
		};
		056003B313406206005DC721 /* Debug */ = {
			isa = XCBuildConfiguration;
			buildSettings = {
				ALWAYS_SEARCH_USER_PATHS = NO;
				COPY_PHASE_STRIP = NO;
				DEBUGGING_SYMBOLS = YES;
				GCC_DYNAMIC_NO_PIC = NO;
				GCC_ENABLE_OBJC_EXCEPTIONS = YES;
				GCC_GENERATE_DEBUGGING_SYMBOLS = YES;
				GCC_OPTIMIZATION_LEVEL = 0;
				OTHER_CFLAGS = "";
				OTHER_LDFLAGS = "";
				PRODUCT_NAME = "$(TARGET_NAME)";
			};
			name = Debug;
		};
		056003B413406206005DC721 /* Release */ = {
			isa = XCBuildConfiguration;
			buildSettings = {
				ALWAYS_SEARCH_USER_PATHS = NO;
				COPY_PHASE_STRIP = YES;
				DEBUG_INFORMATION_FORMAT = "dwarf-with-dsym";
				GCC_ENABLE_OBJC_EXCEPTIONS = YES;
				OTHER_CFLAGS = "";
				OTHER_LDFLAGS = "";
				PRODUCT_NAME = "$(TARGET_NAME)";
			};
			name = Release;
		};
/* End XCBuildConfiguration section */

/* Begin XCConfigurationList section */
		056003AD13406206005DC721 /* Build configuration list for PBXProject "XSFoundation" */ = {
			isa = XCConfigurationList;
			buildConfigurations = (
				056003B013406206005DC721 /* Debug */,
				056003B113406206005DC721 /* Release */,
			);
			defaultConfigurationIsVisible = 0;
			defaultConfigurationName = Release;
		};
		056003B213406206005DC721 /* Build configuration list for PBXLegacyTarget "XSFoundation" */ = {
			isa = XCConfigurationList;
			buildConfigurations = (
				056003B313406206005DC721 /* Debug */,
				056003B413406206005DC721 /* Release */,
			);
			defaultConfigurationIsVisible = 0;
			defaultConfigurationName = Release;
		};
/* End XCConfigurationList section */
	};
	rootObject = 056003AA13406206005DC721 /* Project object */;
}
