// !$*UTF8*$!
{
	archiveVersion = 1;
	classes = {
	};
	objectVersion = 46;
	objects = {

/* Begin PBXFileReference section */
		052EC738134F2908004A939E /* std-md5.c */ = {isa = PBXFileReference; fileEncoding = 4; lastKnownFileType = sourcecode.c.c; name = "std-md5.c"; path = "source/std-md5.c"; sourceTree = SOURCE_ROOT; };
		052EC739134F2915004A939E /* std-md5.h */ = {isa = PBXFileReference; fileEncoding = 4; lastKnownFileType = sourcecode.c.h; path = "std-md5.h"; sourceTree = "<group>"; };
		052EC750134F339C004A939E /* __machine.h */ = {isa = PBXFileReference; fileEncoding = 4; lastKnownFileType = sourcecode.c.h; path = __machine.h; sourceTree = "<group>"; };
		052EC752134F339C004A939E /* __arm.h */ = {isa = PBXFileReference; fileEncoding = 4; lastKnownFileType = sourcecode.c.h; path = __arm.h; sourceTree = "<group>"; };
		052EC753134F339C004A939E /* __i386.h */ = {isa = PBXFileReference; fileEncoding = 4; lastKnownFileType = sourcecode.c.h; path = __i386.h; sourceTree = "<group>"; };
		052EC754134F339C004A939E /* eos-skl.h */ = {isa = PBXFileReference; fileEncoding = 4; lastKnownFileType = sourcecode.c.h; path = "eos-skl.h"; sourceTree = "<group>"; };
		052EC755134F3414004A939E /* eos-skl.c */ = {isa = PBXFileReference; fileEncoding = 4; lastKnownFileType = sourcecode.c.c; path = "eos-skl.c"; sourceTree = "<group>"; };
		056003BB1340621F005DC721 /* LICENSE.md */ = {isa = PBXFileReference; fileEncoding = 4; lastKnownFileType = text; path = LICENSE.md; sourceTree = "<group>"; };
		056003BC1340621F005DC721 /* Makefile */ = {isa = PBXFileReference; fileEncoding = 4; lastKnownFileType = sourcecode.make; path = Makefile; sourceTree = "<group>"; };
		056003BE1340621F005DC721 /* __XSMemory.c */ = {isa = PBXFileReference; fileEncoding = 4; lastKnownFileType = sourcecode.c.c; path = __XSMemory.c; sourceTree = "<group>"; };
		056003C51340621F005DC721 /* std-ascii.h */ = {isa = PBXFileReference; fileEncoding = 4; lastKnownFileType = sourcecode.c.h; path = "std-ascii.h"; sourceTree = "<group>"; };
		056003C61340621F005DC721 /* std-bitwise.h */ = {isa = PBXFileReference; fileEncoding = 4; lastKnownFileType = sourcecode.c.h; path = "std-bitwise.h"; sourceTree = "<group>"; };
		056003C71340621F005DC721 /* std-bool.h */ = {isa = PBXFileReference; fileEncoding = 4; lastKnownFileType = sourcecode.c.h; path = "std-bool.h"; sourceTree = "<group>"; };
		056003C81340621F005DC721 /* std-c99.h */ = {isa = PBXFileReference; fileEncoding = 4; lastKnownFileType = sourcecode.c.h; path = "std-c99.h"; sourceTree = "<group>"; };
		056003C91340621F005DC721 /* std-keywords.h */ = {isa = PBXFileReference; fileEncoding = 4; lastKnownFileType = sourcecode.c.h; path = "std-keywords.h"; sourceTree = "<group>"; };
		056003CA1340621F005DC721 /* std-math.h */ = {isa = PBXFileReference; fileEncoding = 4; lastKnownFileType = sourcecode.c.h; path = "std-math.h"; sourceTree = "<group>"; };
		056003CB1340621F005DC721 /* std-posix.h */ = {isa = PBXFileReference; fileEncoding = 4; lastKnownFileType = sourcecode.c.h; path = "std-posix.h"; sourceTree = "<group>"; };
		056003CC1340621F005DC721 /* std-string.h */ = {isa = PBXFileReference; fileEncoding = 4; lastKnownFileType = sourcecode.c.h; path = "std-string.h"; sourceTree = "<group>"; };
		056003CD1340621F005DC721 /* std.h */ = {isa = PBXFileReference; fileEncoding = 4; lastKnownFileType = sourcecode.c.h; path = std.h; sourceTree = "<group>"; };
		056003CF1340621F005DC721 /* XSConstants.h */ = {isa = PBXFileReference; fileEncoding = 4; lastKnownFileType = sourcecode.c.h; path = XSConstants.h; sourceTree = "<group>"; };
		056003D01340621F005DC721 /* XSFile.h */ = {isa = PBXFileReference; fileEncoding = 4; lastKnownFileType = sourcecode.c.h; path = XSFile.h; sourceTree = "<group>"; };
		056003D11340621F005DC721 /* XSFunctions.h */ = {isa = PBXFileReference; fileEncoding = 4; lastKnownFileType = sourcecode.c.h; path = XSFunctions.h; sourceTree = "<group>"; };
		056003D21340621F005DC721 /* XSMemory.h */ = {isa = PBXFileReference; fileEncoding = 4; lastKnownFileType = sourcecode.c.h; path = XSMemory.h; sourceTree = "<group>"; };
		056003D31340621F005DC721 /* XSString.h */ = {isa = PBXFileReference; fileEncoding = 4; lastKnownFileType = sourcecode.c.h; path = XSString.h; sourceTree = "<group>"; };
		056003D51340621F005DC721 /* XS.h */ = {isa = PBXFileReference; fileEncoding = 4; lastKnownFileType = sourcecode.c.h; path = XS.h; sourceTree = "<group>"; };
		056003D61340621F005DC721 /* std-string.c */ = {isa = PBXFileReference; fileEncoding = 4; lastKnownFileType = sourcecode.c.c; path = "std-string.c"; sourceTree = "<group>"; };
		056003D71340621F005DC721 /* XSFunctions.c */ = {isa = PBXFileReference; fileEncoding = 4; lastKnownFileType = sourcecode.c.c; path = XSFunctions.c; sourceTree = "<group>"; };
		056003D81340621F005DC721 /* XSMemory.c */ = {isa = PBXFileReference; fileEncoding = 4; lastKnownFileType = sourcecode.c.c; path = XSMemory.c; sourceTree = "<group>"; };
		056003D91340621F005DC721 /* XSString.c */ = {isa = PBXFileReference; fileEncoding = 4; lastKnownFileType = sourcecode.c.c; path = XSString.c; sourceTree = "<group>"; };
		056003E2134069EC005DC721 /* XSFile.c */ = {isa = PBXFileReference; fileEncoding = 4; lastKnownFileType = sourcecode.c.c; path = XSFile.c; sourceTree = "<group>"; };
		056003E313406B51005DC721 /* __XSFile.c */ = {isa = PBXFileReference; fileEncoding = 4; lastKnownFileType = sourcecode.c.c; path = __XSFile.c; sourceTree = "<group>"; };
		056003E613408187005DC721 /* XSRuntime.c */ = {isa = PBXFileReference; fileEncoding = 4; lastKnownFileType = sourcecode.c.c; path = XSRuntime.c; sourceTree = "<group>"; };
		056003E713408197005DC721 /* XSRuntime.h */ = {isa = PBXFileReference; fileEncoding = 4; lastKnownFileType = sourcecode.c.h; path = XSRuntime.h; sourceTree = "<group>"; };
		056003E81340875C005DC721 /* __XSString.c */ = {isa = PBXFileReference; fileEncoding = 4; lastKnownFileType = sourcecode.c.c; path = __XSString.c; sourceTree = "<group>"; };
		056003ED13409910005DC721 /* test.c */ = {isa = PBXFileReference; fileEncoding = 4; lastKnownFileType = sourcecode.c.c; path = test.c; sourceTree = "<group>"; };
		056003EE1340BB05005DC721 /* XSArray.h */ = {isa = PBXFileReference; fileEncoding = 4; lastKnownFileType = sourcecode.c.h; path = XSArray.h; sourceTree = "<group>"; };
		056003F01340BB34005DC721 /* __XSArray.c */ = {isa = PBXFileReference; fileEncoding = 4; lastKnownFileType = sourcecode.c.c; path = __XSArray.c; sourceTree = "<group>"; };
		056003F11340BB3F005DC721 /* XSArray.c */ = {isa = PBXFileReference; fileEncoding = 4; lastKnownFileType = sourcecode.c.c; path = XSArray.c; sourceTree = "<group>"; };
		056003F3134106B5005DC721 /* __XSFunctions.c */ = {isa = PBXFileReference; fileEncoding = 4; lastKnownFileType = sourcecode.c.c; path = __XSFunctions.c; sourceTree = "<group>"; };
		0560040913412858005DC721 /* XSData.h */ = {isa = PBXFileReference; fileEncoding = 4; lastKnownFileType = sourcecode.c.h; path = XSData.h; sourceTree = "<group>"; };
		0560040B13412858005DC721 /* XSDictionary.h */ = {isa = PBXFileReference; fileEncoding = 4; lastKnownFileType = sourcecode.c.h; path = XSDictionary.h; sourceTree = "<group>"; };
		0560040C13412858005DC721 /* XSError.h */ = {isa = PBXFileReference; fileEncoding = 4; lastKnownFileType = sourcecode.c.h; path = XSError.h; sourceTree = "<group>"; };
		0560040D13412858005DC721 /* XSNumber.h */ = {isa = PBXFileReference; fileEncoding = 4; lastKnownFileType = sourcecode.c.h; path = XSNumber.h; sourceTree = "<group>"; };
		0560040E13412858005DC721 /* XSSet.h */ = {isa = PBXFileReference; fileEncoding = 4; lastKnownFileType = sourcecode.c.h; path = XSSet.h; sourceTree = "<group>"; };
		0560041113412865005DC721 /* __XSData.c */ = {isa = PBXFileReference; fileEncoding = 4; lastKnownFileType = sourcecode.c.c; path = __XSData.c; sourceTree = "<group>"; };
		0560041313412865005DC721 /* __XSDictionary.c */ = {isa = PBXFileReference; fileEncoding = 4; lastKnownFileType = sourcecode.c.c; path = __XSDictionary.c; sourceTree = "<group>"; };
		0560041413412865005DC721 /* __XSError.c */ = {isa = PBXFileReference; fileEncoding = 4; lastKnownFileType = sourcecode.c.c; path = __XSError.c; sourceTree = "<group>"; };
		0560041513412866005DC721 /* __XSNumber.c */ = {isa = PBXFileReference; fileEncoding = 4; lastKnownFileType = sourcecode.c.c; path = __XSNumber.c; sourceTree = "<group>"; };
		0560041613412866005DC721 /* __XSSet.c */ = {isa = PBXFileReference; fileEncoding = 4; lastKnownFileType = sourcecode.c.c; path = __XSSet.c; sourceTree = "<group>"; };
		0560041913412867005DC721 /* XSData.c */ = {isa = PBXFileReference; fileEncoding = 4; lastKnownFileType = sourcecode.c.c; path = XSData.c; sourceTree = "<group>"; };
		0560041B13412867005DC721 /* XSDictionary.c */ = {isa = PBXFileReference; fileEncoding = 4; lastKnownFileType = sourcecode.c.c; path = XSDictionary.c; sourceTree = "<group>"; };
		0560041C13412867005DC721 /* XSError.c */ = {isa = PBXFileReference; fileEncoding = 4; lastKnownFileType = sourcecode.c.c; path = XSError.c; sourceTree = "<group>"; };
		0560041D13412868005DC721 /* XSNumber.c */ = {isa = PBXFileReference; fileEncoding = 4; lastKnownFileType = sourcecode.c.c; path = XSNumber.c; sourceTree = "<group>"; };
		0560041E13412868005DC721 /* XSSet.c */ = {isa = PBXFileReference; fileEncoding = 4; lastKnownFileType = sourcecode.c.c; path = XSSet.c; sourceTree = "<group>"; };
		0560042113417F6F005DC721 /* XSMacros.h */ = {isa = PBXFileReference; fileEncoding = 4; lastKnownFileType = sourcecode.c.h; path = XSMacros.h; sourceTree = "<group>"; };
		05600422134184BD005DC721 /* XSMacrosTarget.h */ = {isa = PBXFileReference; fileEncoding = 4; lastKnownFileType = sourcecode.c.h; path = XSMacrosTarget.h; sourceTree = "<group>"; };
		0562F85013485975005190B6 /* __XSBag.h */ = {isa = PBXFileReference; fileEncoding = 4; lastKnownFileType = sourcecode.c.h; path = __XSBag.h; sourceTree = "<group>"; };
		0562F8521348597F005190B6 /* XSBag.h */ = {isa = PBXFileReference; fileEncoding = 4; lastKnownFileType = sourcecode.c.h; path = XSBag.h; sourceTree = "<group>"; };
		0562F8531348598C005190B6 /* __XSBag.c */ = {isa = PBXFileReference; fileEncoding = 4; lastKnownFileType = sourcecode.c.c; path = __XSBag.c; sourceTree = "<group>"; };
		0562F8541348598C005190B6 /* XSBag.c */ = {isa = PBXFileReference; fileEncoding = 4; lastKnownFileType = sourcecode.c.c; path = XSBag.c; sourceTree = "<group>"; };
		0562F8B4134B07EE005190B6 /* __XSTimer.c */ = {isa = PBXFileReference; fileEncoding = 4; lastKnownFileType = sourcecode.c.c; path = __XSTimer.c; sourceTree = "<group>"; };
		0562F8B5134B07EE005190B6 /* XSTimer.c */ = {isa = PBXFileReference; fileEncoding = 4; lastKnownFileType = sourcecode.c.c; path = XSTimer.c; sourceTree = "<group>"; };
		0562F8B7134B0813005190B6 /* __XSTimer.h */ = {isa = PBXFileReference; fileEncoding = 4; lastKnownFileType = sourcecode.c.h; path = __XSTimer.h; sourceTree = "<group>"; };
		0562F8B8134B0821005190B6 /* XSTimer.h */ = {isa = PBXFileReference; fileEncoding = 4; lastKnownFileType = sourcecode.c.h; path = XSTimer.h; sourceTree = "<group>"; };
		0562F8BF134B3F38005190B6 /* __XSApplication.h */ = {isa = PBXFileReference; fileEncoding = 4; lastKnownFileType = sourcecode.c.h; path = __XSApplication.h; sourceTree = "<group>"; };
		0562F8C1134B3F41005190B6 /* XSApplication.h */ = {isa = PBXFileReference; fileEncoding = 4; lastKnownFileType = sourcecode.c.h; path = XSApplication.h; sourceTree = "<group>"; };
		0562F8C2134B3F54005190B6 /* __XSApplication.c */ = {isa = PBXFileReference; fileEncoding = 4; lastKnownFileType = sourcecode.c.c; path = __XSApplication.c; sourceTree = "<group>"; };
		0562F8C3134B3F55005190B6 /* XSApplication.c */ = {isa = PBXFileReference; fileEncoding = 4; lastKnownFileType = sourcecode.c.c; path = XSApplication.c; sourceTree = "<group>"; };
		0562F8CA134B499A005190B6 /* __XSLock.h */ = {isa = PBXFileReference; fileEncoding = 4; lastKnownFileType = sourcecode.c.h; path = __XSLock.h; sourceTree = "<group>"; };
		0562F8CC134B49A4005190B6 /* XSLock.h */ = {isa = PBXFileReference; fileEncoding = 4; lastKnownFileType = sourcecode.c.h; path = XSLock.h; sourceTree = "<group>"; };
		0562F8CD134B49B4005190B6 /* __XSLock.c */ = {isa = PBXFileReference; fileEncoding = 4; lastKnownFileType = sourcecode.c.c; path = __XSLock.c; sourceTree = "<group>"; };
		0562F8CE134B49B4005190B6 /* XSLock.c */ = {isa = PBXFileReference; fileEncoding = 4; lastKnownFileType = sourcecode.c.c; path = XSLock.c; sourceTree = "<group>"; };
		0562F8D5134B5AAD005190B6 /* __XSApplicationArgument.h */ = {isa = PBXFileReference; fileEncoding = 4; lastKnownFileType = sourcecode.c.h; path = __XSApplicationArgument.h; sourceTree = "<group>"; };
		0562F8D7134B5AB5005190B6 /* XSApplicationArgument.h */ = {isa = PBXFileReference; fileEncoding = 4; lastKnownFileType = sourcecode.c.h; path = XSApplicationArgument.h; sourceTree = "<group>"; };
		0562F8D8134B5AC1005190B6 /* __XSApplicationArgument.c */ = {isa = PBXFileReference; fileEncoding = 4; lastKnownFileType = sourcecode.c.c; path = __XSApplicationArgument.c; sourceTree = "<group>"; };
		0562F8D9134B5AC1005190B6 /* XSApplicationArgument.c */ = {isa = PBXFileReference; fileEncoding = 4; lastKnownFileType = sourcecode.c.c; path = XSApplicationArgument.c; sourceTree = "<group>"; };
		0562F8E6134C46A9005190B6 /* XSFoundation.doxygen */ = {isa = PBXFileReference; fileEncoding = 4; lastKnownFileType = text; path = XSFoundation.doxygen; sourceTree = "<group>"; };
		056A74E71346F8C5006DD897 /* __XSColor.h */ = {isa = PBXFileReference; fileEncoding = 4; lastKnownFileType = sourcecode.c.h; path = __XSColor.h; sourceTree = "<group>"; };
		056A74E91346F953006DD897 /* XSColor.h */ = {isa = PBXFileReference; fileEncoding = 4; lastKnownFileType = sourcecode.c.h; path = XSColor.h; sourceTree = "<group>"; };
		056A74EA1346F98B006DD897 /* __XSColor.c */ = {isa = PBXFileReference; fileEncoding = 4; lastKnownFileType = sourcecode.c.c; path = __XSColor.c; sourceTree = "<group>"; };
		056A74EB1346F9DC006DD897 /* XSColor.c */ = {isa = PBXFileReference; fileEncoding = 4; lastKnownFileType = sourcecode.c.c; path = XSColor.c; sourceTree = "<group>"; };
		057074B413516AAD008FC128 /* __XSMemoryDebug.h */ = {isa = PBXFileReference; fileEncoding = 4; lastKnownFileType = sourcecode.c.h; path = __XSMemoryDebug.h; sourceTree = "<group>"; };
		057074B613516AF7008FC128 /* __XSMemoryDebug.c */ = {isa = PBXFileReference; fileEncoding = 4; lastKnownFileType = sourcecode.c.c; path = __XSMemoryDebug.c; sourceTree = "<group>"; };
		0581F3C713587201004E789C /* XSTypes.h */ = {isa = PBXFileReference; fileEncoding = 4; lastKnownFileType = sourcecode.c.h; path = XSTypes.h; sourceTree = "<group>"; };
		059B999B134EDB93004510C5 /* __XSNull.h */ = {isa = PBXFileReference; fileEncoding = 4; lastKnownFileType = sourcecode.c.h; path = __XSNull.h; sourceTree = "<group>"; };
		059B999D134EDBA0004510C5 /* XSNull.h */ = {isa = PBXFileReference; fileEncoding = 4; lastKnownFileType = sourcecode.c.h; path = XSNull.h; sourceTree = "<group>"; };
		059B999E134EDBB8004510C5 /* __XSNull.c */ = {isa = PBXFileReference; fileEncoding = 4; lastKnownFileType = sourcecode.c.c; path = __XSNull.c; sourceTree = "<group>"; };
		059B999F134EDBB9004510C5 /* XSNull.c */ = {isa = PBXFileReference; fileEncoding = 4; lastKnownFileType = sourcecode.c.c; path = XSNull.c; sourceTree = "<group>"; };
		05AC165713418E7100455568 /* __XSArray.h */ = {isa = PBXFileReference; fileEncoding = 4; lastKnownFileType = sourcecode.c.h; path = __XSArray.h; sourceTree = "<group>"; };
		05AC165813418E7100455568 /* __XSData.h */ = {isa = PBXFileReference; fileEncoding = 4; lastKnownFileType = sourcecode.c.h; path = __XSData.h; sourceTree = "<group>"; };
		05AC165A13418E7100455568 /* __XSDictionary.h */ = {isa = PBXFileReference; fileEncoding = 4; lastKnownFileType = sourcecode.c.h; path = __XSDictionary.h; sourceTree = "<group>"; };
		05AC165B13418E7100455568 /* __XSError.h */ = {isa = PBXFileReference; fileEncoding = 4; lastKnownFileType = sourcecode.c.h; path = __XSError.h; sourceTree = "<group>"; };
		05AC165C13418E7100455568 /* __XSFile.h */ = {isa = PBXFileReference; fileEncoding = 4; lastKnownFileType = sourcecode.c.h; path = __XSFile.h; sourceTree = "<group>"; };
		05AC165D13418E7100455568 /* __XSFunctions.h */ = {isa = PBXFileReference; fileEncoding = 4; lastKnownFileType = sourcecode.c.h; path = __XSFunctions.h; sourceTree = "<group>"; };
		05AC165E13418E7100455568 /* __XSMemory.h */ = {isa = PBXFileReference; fileEncoding = 4; lastKnownFileType = sourcecode.c.h; path = __XSMemory.h; sourceTree = "<group>"; };
		05AC165F13418E7100455568 /* __XSNumber.h */ = {isa = PBXFileReference; fileEncoding = 4; lastKnownFileType = sourcecode.c.h; path = __XSNumber.h; sourceTree = "<group>"; };
		05AC166013418E7100455568 /* __XSSet.h */ = {isa = PBXFileReference; fileEncoding = 4; lastKnownFileType = sourcecode.c.h; path = __XSSet.h; sourceTree = "<group>"; };
		05AC166113418E7100455568 /* __XSString.h */ = {isa = PBXFileReference; fileEncoding = 4; lastKnownFileType = sourcecode.c.h; path = __XSString.h; sourceTree = "<group>"; };
		05AC166A134192BF00455568 /* README.md */ = {isa = PBXFileReference; fileEncoding = 4; lastKnownFileType = text; path = README.md; sourceTree = "<group>"; };
		05AC166C1341DD7800455568 /* __XSThread.h */ = {isa = PBXFileReference; fileEncoding = 4; lastKnownFileType = sourcecode.c.h; path = __XSThread.h; sourceTree = "<group>"; };
		05AC166D1341DDDA00455568 /* XSThread.h */ = {isa = PBXFileReference; fileEncoding = 4; lastKnownFileType = sourcecode.c.h; path = XSThread.h; sourceTree = "<group>"; };
		05AC166E1341DE2A00455568 /* __XSThread.c */ = {isa = PBXFileReference; fileEncoding = 4; lastKnownFileType = sourcecode.c.c; path = __XSThread.c; sourceTree = "<group>"; };
		05AC166F1341DE3F00455568 /* XSThread.c */ = {isa = PBXFileReference; fileEncoding = 4; lastKnownFileType = sourcecode.c.c; path = XSThread.c; sourceTree = "<group>"; };
		05CD15C613599330008C6EAD /* sys-types.h */ = {isa = PBXFileReference; fileEncoding = 4; lastKnownFileType = sourcecode.c.h; path = "sys-types.h"; sourceTree = "<group>"; };
		05CD15C713599330008C6EAD /* usleep.h */ = {isa = PBXFileReference; fileEncoding = 4; lastKnownFileType = sourcecode.c.h; path = usleep.h; sourceTree = "<group>"; };
		05CD15C813599330008C6EAD /* win32.h */ = {isa = PBXFileReference; fileEncoding = 4; lastKnownFileType = sourcecode.c.h; path = win32.h; sourceTree = "<group>"; };
		05CD15CA13599365008C6EAD /* usleep.c */ = {isa = PBXFileReference; fileEncoding = 4; lastKnownFileType = sourcecode.c.c; path = usleep.c; sourceTree = "<group>"; };
		05CD15CB13599879008C6EAD /* pthread.h */ = {isa = PBXFileReference; fileEncoding = 4; lastKnownFileType = sourcecode.c.h; path = pthread.h; sourceTree = "<group>"; };
		05CD15CC135998C5008C6EAD /* pthread.c */ = {isa = PBXFileReference; fileEncoding = 4; lastKnownFileType = sourcecode.c.c; path = pthread.c; sourceTree = "<group>"; };
		05E098621356EBC700189FF4 /* __XSNotificationCenter.c */ = {isa = PBXFileReference; fileEncoding = 4; lastKnownFileType = sourcecode.c.c; name = __XSNotificationCenter.c; path = source/__XSNotificationCenter.c; sourceTree = SOURCE_ROOT; };
		05E098631356EBC700189FF4 /* XSNotificationCenter.c */ = {isa = PBXFileReference; fileEncoding = 4; lastKnownFileType = sourcecode.c.c; name = XSNotificationCenter.c; path = source/XSNotificationCenter.c; sourceTree = SOURCE_ROOT; };
		05E098651356EBD400189FF4 /* XSNotificationCenter.h */ = {isa = PBXFileReference; fileEncoding = 4; lastKnownFileType = sourcecode.c.h; name = XSNotificationCenter.h; path = source/include/xs/XSNotificationCenter.h; sourceTree = SOURCE_ROOT; };
		05E098661356EBDD00189FF4 /* __XSNotificationCenter.h */ = {isa = PBXFileReference; fileEncoding = 4; lastKnownFileType = sourcecode.c.h; path = __XSNotificationCenter.h; sourceTree = "<group>"; };
		05E0986D1356F21300189FF4 /* __XSNotification.h */ = {isa = PBXFileReference; fileEncoding = 4; lastKnownFileType = sourcecode.c.h; path = __XSNotification.h; sourceTree = "<group>"; };
		05E0986F1356F21A00189FF4 /* XSNotification.h */ = {isa = PBXFileReference; fileEncoding = 4; lastKnownFileType = sourcecode.c.h; name = XSNotification.h; path = source/include/xs/XSNotification.h; sourceTree = SOURCE_ROOT; };
		05E098701356F22800189FF4 /* __XSNotification.c */ = {isa = PBXFileReference; fileEncoding = 4; lastKnownFileType = sourcecode.c.c; name = __XSNotification.c; path = source/__XSNotification.c; sourceTree = SOURCE_ROOT; };
		05E098711356F22800189FF4 /* XSNotification.c */ = {isa = PBXFileReference; fileEncoding = 4; lastKnownFileType = sourcecode.c.c; name = XSNotification.c; path = source/XSNotification.c; sourceTree = SOURCE_ROOT; };
		05E098781356F8E000189FF4 /* __XSBool.c */ = {isa = PBXFileReference; fileEncoding = 4; lastKnownFileType = sourcecode.c.c; path = __XSBool.c; sourceTree = "<group>"; };
		05E098791356F8E000189FF4 /* XSBool.c */ = {isa = PBXFileReference; fileEncoding = 4; lastKnownFileType = sourcecode.c.c; path = XSBool.c; sourceTree = "<group>"; };
		05E0987B1356F8E900189FF4 /* XSBool.h */ = {isa = PBXFileReference; fileEncoding = 4; lastKnownFileType = sourcecode.c.h; path = XSBool.h; sourceTree = "<group>"; };
		05E0987C1356F8EF00189FF4 /* __XSBool.h */ = {isa = PBXFileReference; fileEncoding = 4; lastKnownFileType = sourcecode.c.h; path = __XSBool.h; sourceTree = "<group>"; };
/* End PBXFileReference section */

/* Begin PBXGroup section */
		052EC74E134F339C004A939E /* eos-skl */ = {
			isa = PBXGroup;
			children = (
				052EC74F134F339C004A939E /* __private */,
				052EC754134F339C004A939E /* eos-skl.h */,
			);
			path = "eos-skl";
			sourceTree = "<group>";
		};
		052EC74F134F339C004A939E /* __private */ = {
			isa = PBXGroup;
			children = (
				052EC750134F339C004A939E /* __machine.h */,
				052EC751134F339C004A939E /* arch */,
			);
			path = __private;
			sourceTree = "<group>";
		};
		052EC751134F339C004A939E /* arch */ = {
			isa = PBXGroup;
			children = (
				052EC752134F339C004A939E /* __arm.h */,
				052EC753134F339C004A939E /* __i386.h */,
			);
			path = arch;
			sourceTree = "<group>";
		};
		056003A813406206005DC721 = {
			isa = PBXGroup;
			children = (
				0562F8E6134C46A9005190B6 /* XSFoundation.doxygen */,
				05AC166A134192BF00455568 /* README.md */,
				056003BB1340621F005DC721 /* LICENSE.md */,
				056003BC1340621F005DC721 /* Makefile */,
				056003ED13409910005DC721 /* test.c */,
				056003BD1340621F005DC721 /* source */,
			);
			sourceTree = "<group>";
		};
		056003BD1340621F005DC721 /* source */ = {
			isa = PBXGroup;
			children = (
				056003BF1340621F005DC721 /* include */,
				052EC755134F3414004A939E /* eos-skl.c */,
				052EC738134F2908004A939E /* std-md5.c */,
				056003D61340621F005DC721 /* std-string.c */,
				05CD15CC135998C5008C6EAD /* pthread.c */,
				05CD15CA13599365008C6EAD /* usleep.c */,
				0562F8C2134B3F54005190B6 /* __XSApplication.c */,
				0562F8D8134B5AC1005190B6 /* __XSApplicationArgument.c */,
				056003F01340BB34005DC721 /* __XSArray.c */,
				0562F8531348598C005190B6 /* __XSBag.c */,
				05E098781356F8E000189FF4 /* __XSBool.c */,
				056A74EA1346F98B006DD897 /* __XSColor.c */,
				0560041113412865005DC721 /* __XSData.c */,
				0560041313412865005DC721 /* __XSDictionary.c */,
				0560041413412865005DC721 /* __XSError.c */,
				056003E313406B51005DC721 /* __XSFile.c */,
				056003F3134106B5005DC721 /* __XSFunctions.c */,
				0562F8CD134B49B4005190B6 /* __XSLock.c */,
				056003BE1340621F005DC721 /* __XSMemory.c */,
				057074B613516AF7008FC128 /* __XSMemoryDebug.c */,
				05E098701356F22800189FF4 /* __XSNotification.c */,
				05E098621356EBC700189FF4 /* __XSNotificationCenter.c */,
				059B999E134EDBB8004510C5 /* __XSNull.c */,
				0560041513412866005DC721 /* __XSNumber.c */,
				0560041613412866005DC721 /* __XSSet.c */,
				056003E81340875C005DC721 /* __XSString.c */,
				05AC166E1341DE2A00455568 /* __XSThread.c */,
				0562F8B4134B07EE005190B6 /* __XSTimer.c */,
				0562F8C3134B3F55005190B6 /* XSApplication.c */,
				0562F8D9134B5AC1005190B6 /* XSApplicationArgument.c */,
				056003F11340BB3F005DC721 /* XSArray.c */,
				0562F8541348598C005190B6 /* XSBag.c */,
				05E098791356F8E000189FF4 /* XSBool.c */,
				056A74EB1346F9DC006DD897 /* XSColor.c */,
				0560041913412867005DC721 /* XSData.c */,
				0560041B13412867005DC721 /* XSDictionary.c */,
				0560041C13412867005DC721 /* XSError.c */,
				056003E2134069EC005DC721 /* XSFile.c */,
				056003D71340621F005DC721 /* XSFunctions.c */,
				0562F8CE134B49B4005190B6 /* XSLock.c */,
				056003D81340621F005DC721 /* XSMemory.c */,
				05E098711356F22800189FF4 /* XSNotification.c */,
				05E098631356EBC700189FF4 /* XSNotificationCenter.c */,
				059B999F134EDBB9004510C5 /* XSNull.c */,
				0560041D13412868005DC721 /* XSNumber.c */,
				056003E613408187005DC721 /* XSRuntime.c */,
				0560041E13412868005DC721 /* XSSet.c */,
				056003D91340621F005DC721 /* XSString.c */,
				05AC166F1341DE3F00455568 /* XSThread.c */,
				0562F8B5134B07EE005190B6 /* XSTimer.c */,
			);
			path = source;
			sourceTree = "<group>";
		};
		056003BF1340621F005DC721 /* include */ = {
			isa = PBXGroup;
			children = (
				052EC74E134F339C004A939E /* eos-skl */,
				056003C41340621F005DC721 /* std */,
				05CD15C513599330008C6EAD /* win32 */,
				056003CE1340621F005DC721 /* xs */,
				056003D51340621F005DC721 /* XS.h */,
			);
			path = include;
			sourceTree = "<group>";
		};
		056003C41340621F005DC721 /* std */ = {
			isa = PBXGroup;
			children = (
				056003C51340621F005DC721 /* std-ascii.h */,
				056003C61340621F005DC721 /* std-bitwise.h */,
				056003C71340621F005DC721 /* std-bool.h */,
				056003C81340621F005DC721 /* std-c99.h */,
				056003C91340621F005DC721 /* std-keywords.h */,
				056003CA1340621F005DC721 /* std-math.h */,
				052EC739134F2915004A939E /* std-md5.h */,
				056003CB1340621F005DC721 /* std-posix.h */,
				056003CC1340621F005DC721 /* std-string.h */,
				056003CD1340621F005DC721 /* std.h */,
			);
			path = std;
			sourceTree = "<group>";
		};
		056003CE1340621F005DC721 /* xs */ = {
			isa = PBXGroup;
			children = (
				05AC165613418E7100455568 /* __private */,
				0562F8C1134B3F41005190B6 /* XSApplication.h */,
				0562F8D7134B5AB5005190B6 /* XSApplicationArgument.h */,
				056003EE1340BB05005DC721 /* XSArray.h */,
				0562F8521348597F005190B6 /* XSBag.h */,
				05E0987B1356F8E900189FF4 /* XSBool.h */,
				056A74E91346F953006DD897 /* XSColor.h */,
				056003CF1340621F005DC721 /* XSConstants.h */,
				0560040913412858005DC721 /* XSData.h */,
				0560040B13412858005DC721 /* XSDictionary.h */,
				0560040C13412858005DC721 /* XSError.h */,
				056003D01340621F005DC721 /* XSFile.h */,
				056003D11340621F005DC721 /* XSFunctions.h */,
				0562F8CC134B49A4005190B6 /* XSLock.h */,
				0560042113417F6F005DC721 /* XSMacros.h */,
				05600422134184BD005DC721 /* XSMacrosTarget.h */,
				056003D21340621F005DC721 /* XSMemory.h */,
				05E0986F1356F21A00189FF4 /* XSNotification.h */,
				05E098651356EBD400189FF4 /* XSNotificationCenter.h */,
				059B999D134EDBA0004510C5 /* XSNull.h */,
				0560040D13412858005DC721 /* XSNumber.h */,
				056003E713408197005DC721 /* XSRuntime.h */,
				0560040E13412858005DC721 /* XSSet.h */,
				056003D31340621F005DC721 /* XSString.h */,
				05AC166D1341DDDA00455568 /* XSThread.h */,
				0562F8B8134B0821005190B6 /* XSTimer.h */,
				0581F3C713587201004E789C /* XSTypes.h */,
			);
			path = xs;
			sourceTree = "<group>";
		};
		05AC165613418E7100455568 /* __private */ = {
			isa = PBXGroup;
			children = (
				0562F8BF134B3F38005190B6 /* __XSApplication.h */,
				0562F8D5134B5AAD005190B6 /* __XSApplicationArgument.h */,
				05AC165713418E7100455568 /* __XSArray.h */,
				0562F85013485975005190B6 /* __XSBag.h */,
				05E0987C1356F8EF00189FF4 /* __XSBool.h */,
				056A74E71346F8C5006DD897 /* __XSColor.h */,
				05AC165813418E7100455568 /* __XSData.h */,
				05AC165A13418E7100455568 /* __XSDictionary.h */,
				05AC165B13418E7100455568 /* __XSError.h */,
				05AC165C13418E7100455568 /* __XSFile.h */,
				05AC165D13418E7100455568 /* __XSFunctions.h */,
				0562F8CA134B499A005190B6 /* __XSLock.h */,
				05AC165E13418E7100455568 /* __XSMemory.h */,
				057074B413516AAD008FC128 /* __XSMemoryDebug.h */,
				05E0986D1356F21300189FF4 /* __XSNotification.h */,
				05E098661356EBDD00189FF4 /* __XSNotificationCenter.h */,
				059B999B134EDB93004510C5 /* __XSNull.h */,
				05AC165F13418E7100455568 /* __XSNumber.h */,
				05AC166013418E7100455568 /* __XSSet.h */,
				05AC166113418E7100455568 /* __XSString.h */,
				05AC166C1341DD7800455568 /* __XSThread.h */,
				0562F8B7134B0813005190B6 /* __XSTimer.h */,
			);
			path = __private;
			sourceTree = "<group>";
		};
		05CD15C513599330008C6EAD /* win32 */ = {
			isa = PBXGroup;
			children = (
				05CD15C613599330008C6EAD /* sys-types.h */,
				05CD15CB13599879008C6EAD /* pthread.h */,
				05CD15C713599330008C6EAD /* usleep.h */,
				05CD15C813599330008C6EAD /* win32.h */,
			);
			path = win32;
			sourceTree = "<group>";
		};
/* End PBXGroup section */

/* Begin PBXLegacyTarget section */
		056003AF13406206005DC721 /* XSFoundation */ = {
			isa = PBXLegacyTarget;
			buildArgumentsString = "$(ACTION)";
			buildConfigurationList = 056003B213406206005DC721 /* Build configuration list for PBXLegacyTarget "XSFoundation" */;
			buildPhases = (
			);
			buildToolPath = /usr/bin/make;
			dependencies = (
			);
			name = XSFoundation;
			passBuildSettingsInEnvironment = 1;
			productName = XSFoundation;
		};
		05E0987D1357479100189FF4 /* XSFoundation Test */ = {
			isa = PBXLegacyTarget;
			buildArgumentsString = test;
			buildConfigurationList = 05E0987E1357479100189FF4 /* Build configuration list for PBXLegacyTarget "XSFoundation Test" */;
			buildPhases = (
			);
			buildToolPath = /usr/bin/make;
			buildWorkingDirectory = "";
			dependencies = (
			);
			name = "XSFoundation Test";
			passBuildSettingsInEnvironment = 1;
			productName = "XSFoundation Test";
		};
/* End PBXLegacyTarget section */

/* Begin PBXProject section */
		056003AA13406206005DC721 /* Project object */ = {
			isa = PBXProject;
			attributes = {
				ORGANIZATIONNAME = eosgarden;
			};
			buildConfigurationList = 056003AD13406206005DC721 /* Build configuration list for PBXProject "XSFoundation" */;
			compatibilityVersion = "Xcode 3.2";
			developmentRegion = English;
			hasScannedForEncodings = 0;
			knownRegions = (
				en,
			);
			mainGroup = 056003A813406206005DC721;
			projectDirPath = "";
			projectRoot = "";
			targets = (
				056003AF13406206005DC721 /* XSFoundation */,
				05E0987D1357479100189FF4 /* XSFoundation Test */,
			);
		};
/* End PBXProject section */

/* Begin XCBuildConfiguration section */
		056003B013406206005DC721 /* Debug */ = {
			isa = XCBuildConfiguration;
			buildSettings = {
				ARCHS = "$(ARCHS_STANDARD_32_64_BIT)";
				GCC_C_LANGUAGE_STANDARD = gnu99;
				GCC_OPTIMIZATION_LEVEL = 0;
				GCC_PREPROCESSOR_DEFINITIONS = DEBUG;
				GCC_SYMBOLS_PRIVATE_EXTERN = NO;
				GCC_VERSION = com.apple.compilers.llvm.clang.1_0;
				GCC_WARN_64_TO_32_BIT_CONVERSION = YES;
				GCC_WARN_ABOUT_RETURN_TYPE = YES;
				GCC_WARN_UNUSED_VARIABLE = YES;
				MACOSX_DEPLOYMENT_TARGET = 10.6;
				ONLY_ACTIVE_ARCH = YES;
				SDKROOT = macosx;
			};
			name = Debug;
		};
		056003B113406206005DC721 /* Release */ = {
			isa = XCBuildConfiguration;
			buildSettings = {
				ARCHS = "$(ARCHS_STANDARD_32_64_BIT)";
				GCC_C_LANGUAGE_STANDARD = gnu99;
				GCC_VERSION = com.apple.compilers.llvm.clang.1_0;
				GCC_WARN_64_TO_32_BIT_CONVERSION = YES;
				GCC_WARN_ABOUT_RETURN_TYPE = YES;
				GCC_WARN_UNUSED_VARIABLE = YES;
				MACOSX_DEPLOYMENT_TARGET = 10.6;
				SDKROOT = macosx;
			};
			name = Release;
		};
		056003B313406206005DC721 /* Debug */ = {
			isa = XCBuildConfiguration;
			buildSettings = {
				ALWAYS_SEARCH_USER_PATHS = NO;
				COPY_PHASE_STRIP = NO;
				DEBUGGING_SYMBOLS = YES;
				GCC_DYNAMIC_NO_PIC = NO;
				GCC_ENABLE_OBJC_EXCEPTIONS = YES;
				GCC_GENERATE_DEBUGGING_SYMBOLS = YES;
				GCC_OPTIMIZATION_LEVEL = 0;
				OTHER_CFLAGS = "";
				OTHER_LDFLAGS = "";
				PRODUCT_NAME = "$(TARGET_NAME)";
			};
			name = Debug;
		};
		056003B413406206005DC721 /* Release */ = {
			isa = XCBuildConfiguration;
			buildSettings = {
				ALWAYS_SEARCH_USER_PATHS = NO;
				COPY_PHASE_STRIP = YES;
				DEBUG_INFORMATION_FORMAT = "dwarf-with-dsym";
				GCC_ENABLE_OBJC_EXCEPTIONS = YES;
				OTHER_CFLAGS = "";
				OTHER_LDFLAGS = "";
				PRODUCT_NAME = "$(TARGET_NAME)";
			};
			name = Release;
		};
		05E0987F1357479100189FF4 /* Debug */ = {
			isa = XCBuildConfiguration;
			buildSettings = {
				ALWAYS_SEARCH_USER_PATHS = NO;
				COPY_PHASE_STRIP = NO;
				DEBUGGING_SYMBOLS = YES;
				GCC_DYNAMIC_NO_PIC = NO;
				GCC_ENABLE_OBJC_EXCEPTIONS = YES;
				GCC_GENERATE_DEBUGGING_SYMBOLS = YES;
				GCC_OPTIMIZATION_LEVEL = 0;
				OTHER_CFLAGS = "";
				OTHER_LDFLAGS = "";
				PRODUCT_NAME = "$(TARGET_NAME)";
			};
			name = Debug;
		};
		05E098801357479100189FF4 /* Release */ = {
			isa = XCBuildConfiguration;
			buildSettings = {
				ALWAYS_SEARCH_USER_PATHS = NO;
				COPY_PHASE_STRIP = YES;
				DEBUG_INFORMATION_FORMAT = "dwarf-with-dsym";
				GCC_ENABLE_OBJC_EXCEPTIONS = YES;
				OTHER_CFLAGS = "";
				OTHER_LDFLAGS = "";
				PRODUCT_NAME = "$(TARGET_NAME)";
			};
			name = Release;
		};
/* End XCBuildConfiguration section */

/* Begin XCConfigurationList section */
		056003AD13406206005DC721 /* Build configuration list for PBXProject "XSFoundation" */ = {
			isa = XCConfigurationList;
			buildConfigurations = (
				056003B013406206005DC721 /* Debug */,
				056003B113406206005DC721 /* Release */,
			);
			defaultConfigurationIsVisible = 0;
			defaultConfigurationName = Release;
		};
		056003B213406206005DC721 /* Build configuration list for PBXLegacyTarget "XSFoundation" */ = {
			isa = XCConfigurationList;
			buildConfigurations = (
				056003B313406206005DC721 /* Debug */,
				056003B413406206005DC721 /* Release */,
			);
			defaultConfigurationIsVisible = 0;
			defaultConfigurationName = Release;
		};
		05E0987E1357479100189FF4 /* Build configuration list for PBXLegacyTarget "XSFoundation Test" */ = {
			isa = XCConfigurationList;
			buildConfigurations = (
				05E0987F1357479100189FF4 /* Debug */,
				05E098801357479100189FF4 /* Release */,
			);
			defaultConfigurationIsVisible = 0;
			defaultConfigurationName = Release;
		};
/* End XCConfigurationList section */
	};
	rootObject = 056003AA13406206005DC721 /* Project object */;
}
