// !$*UTF8*$!
{
	archiveVersion = 1;
	classes = {
	};
	objectVersion = 46;
	objects = {

/* Begin PBXFileReference section */
		050C25D3135C8C3A0009766B /* LICENSE.md */ = {isa = PBXFileReference; fileEncoding = 4; lastKnownFileType = text; path = LICENSE.md; sourceTree = "<group>"; };
		050C25D4135C8C3A0009766B /* Makefile */ = {isa = PBXFileReference; fileEncoding = 4; lastKnownFileType = sourcecode.make; path = Makefile; sourceTree = "<group>"; };
		050C25D5135C8C3A0009766B /* README.md */ = {isa = PBXFileReference; fileEncoding = 4; lastKnownFileType = text; path = README.md; sourceTree = "<group>"; };
		050C25D7135C8C3A0009766B /* __XSApplication.c */ = {isa = PBXFileReference; fileEncoding = 4; lastKnownFileType = sourcecode.c.c; path = __XSApplication.c; sourceTree = "<group>"; };
		050C25D8135C8C3A0009766B /* __XSApplicationArgument.c */ = {isa = PBXFileReference; fileEncoding = 4; lastKnownFileType = sourcecode.c.c; path = __XSApplicationArgument.c; sourceTree = "<group>"; };
		050C25D9135C8C3A0009766B /* __XSArray.c */ = {isa = PBXFileReference; fileEncoding = 4; lastKnownFileType = sourcecode.c.c; path = __XSArray.c; sourceTree = "<group>"; };
		050C25DA135C8C3A0009766B /* __XSBag.c */ = {isa = PBXFileReference; fileEncoding = 4; lastKnownFileType = sourcecode.c.c; path = __XSBag.c; sourceTree = "<group>"; };
		050C25DB135C8C3A0009766B /* __XSBool.c */ = {isa = PBXFileReference; fileEncoding = 4; lastKnownFileType = sourcecode.c.c; path = __XSBool.c; sourceTree = "<group>"; };
		050C25DC135C8C3A0009766B /* __XSBTree.c */ = {isa = PBXFileReference; fileEncoding = 4; lastKnownFileType = sourcecode.c.c; path = __XSBTree.c; sourceTree = "<group>"; };
		050C25DD135C8C3A0009766B /* __XSColor.c */ = {isa = PBXFileReference; fileEncoding = 4; lastKnownFileType = sourcecode.c.c; path = __XSColor.c; sourceTree = "<group>"; };
		050C25DE135C8C3A0009766B /* __XSData.c */ = {isa = PBXFileReference; fileEncoding = 4; lastKnownFileType = sourcecode.c.c; path = __XSData.c; sourceTree = "<group>"; };
		050C25DF135C8C3A0009766B /* __XSDictionary.c */ = {isa = PBXFileReference; fileEncoding = 4; lastKnownFileType = sourcecode.c.c; path = __XSDictionary.c; sourceTree = "<group>"; };
		050C25E0135C8C3A0009766B /* __XSError.c */ = {isa = PBXFileReference; fileEncoding = 4; lastKnownFileType = sourcecode.c.c; path = __XSError.c; sourceTree = "<group>"; };
		050C25E1135C8C3A0009766B /* __XSFile.c */ = {isa = PBXFileReference; fileEncoding = 4; lastKnownFileType = sourcecode.c.c; path = __XSFile.c; sourceTree = "<group>"; };
		050C25E2135C8C3A0009766B /* __XSLock.c */ = {isa = PBXFileReference; fileEncoding = 4; lastKnownFileType = sourcecode.c.c; path = __XSLock.c; sourceTree = "<group>"; };
		050C25E3135C8C3A0009766B /* __XSLog.c */ = {isa = PBXFileReference; fileEncoding = 4; lastKnownFileType = sourcecode.c.c; path = __XSLog.c; sourceTree = "<group>"; };
		050C25E4135C8C3A0009766B /* __XSMemory.c */ = {isa = PBXFileReference; fileEncoding = 4; lastKnownFileType = sourcecode.c.c; path = __XSMemory.c; sourceTree = "<group>"; };
		050C25E5135C8C3A0009766B /* __XSMemoryDebug.c */ = {isa = PBXFileReference; fileEncoding = 4; lastKnownFileType = sourcecode.c.c; path = __XSMemoryDebug.c; sourceTree = "<group>"; };
		050C25E6135C8C3A0009766B /* __XSNotification.c */ = {isa = PBXFileReference; fileEncoding = 4; lastKnownFileType = sourcecode.c.c; path = __XSNotification.c; sourceTree = "<group>"; };
		050C25E7135C8C3A0009766B /* __XSNotificationCenter.c */ = {isa = PBXFileReference; fileEncoding = 4; lastKnownFileType = sourcecode.c.c; path = __XSNotificationCenter.c; sourceTree = "<group>"; };
		050C25E8135C8C3A0009766B /* __XSNull.c */ = {isa = PBXFileReference; fileEncoding = 4; lastKnownFileType = sourcecode.c.c; path = __XSNull.c; sourceTree = "<group>"; };
		050C25E9135C8C3A0009766B /* __XSNumber.c */ = {isa = PBXFileReference; fileEncoding = 4; lastKnownFileType = sourcecode.c.c; path = __XSNumber.c; sourceTree = "<group>"; };
		050C25EA135C8C3A0009766B /* __XSSet.c */ = {isa = PBXFileReference; fileEncoding = 4; lastKnownFileType = sourcecode.c.c; path = __XSSet.c; sourceTree = "<group>"; };
		050C25EB135C8C3A0009766B /* __XSSort.c */ = {isa = PBXFileReference; fileEncoding = 4; lastKnownFileType = sourcecode.c.c; path = __XSSort.c; sourceTree = "<group>"; };
		050C25EC135C8C3A0009766B /* __XSString.c */ = {isa = PBXFileReference; fileEncoding = 4; lastKnownFileType = sourcecode.c.c; path = __XSString.c; sourceTree = "<group>"; };
		050C25ED135C8C3A0009766B /* __XSThread.c */ = {isa = PBXFileReference; fileEncoding = 4; lastKnownFileType = sourcecode.c.c; path = __XSThread.c; sourceTree = "<group>"; };
		050C25EE135C8C3A0009766B /* __XSTimer.c */ = {isa = PBXFileReference; fileEncoding = 4; lastKnownFileType = sourcecode.c.c; path = __XSTimer.c; sourceTree = "<group>"; };
		050C25EF135C8C3A0009766B /* eos-skl.c */ = {isa = PBXFileReference; fileEncoding = 4; lastKnownFileType = sourcecode.c.c; path = "eos-skl.c"; sourceTree = "<group>"; };
		050C25F3135C8C3A0009766B /* __machine.h */ = {isa = PBXFileReference; fileEncoding = 4; lastKnownFileType = sourcecode.c.h; path = __machine.h; sourceTree = "<group>"; };
		050C25F5135C8C3A0009766B /* __arm.h */ = {isa = PBXFileReference; fileEncoding = 4; lastKnownFileType = sourcecode.c.h; path = __arm.h; sourceTree = "<group>"; };
		050C25F6135C8C3A0009766B /* __i386.h */ = {isa = PBXFileReference; fileEncoding = 4; lastKnownFileType = sourcecode.c.h; path = __i386.h; sourceTree = "<group>"; };
		050C25F7135C8C3A0009766B /* eos-skl.h */ = {isa = PBXFileReference; fileEncoding = 4; lastKnownFileType = sourcecode.c.h; path = "eos-skl.h"; sourceTree = "<group>"; };
		050C25F9135C8C3A0009766B /* std-ascii.h */ = {isa = PBXFileReference; fileEncoding = 4; lastKnownFileType = sourcecode.c.h; path = "std-ascii.h"; sourceTree = "<group>"; };
		050C25FA135C8C3A0009766B /* std-bitwise.h */ = {isa = PBXFileReference; fileEncoding = 4; lastKnownFileType = sourcecode.c.h; path = "std-bitwise.h"; sourceTree = "<group>"; };
		050C25FB135C8C3A0009766B /* std-bool.h */ = {isa = PBXFileReference; fileEncoding = 4; lastKnownFileType = sourcecode.c.h; path = "std-bool.h"; sourceTree = "<group>"; };
		050C25FC135C8C3A0009766B /* std-c99.h */ = {isa = PBXFileReference; fileEncoding = 4; lastKnownFileType = sourcecode.c.h; path = "std-c99.h"; sourceTree = "<group>"; };
		050C25FD135C8C3A0009766B /* std-keywords.h */ = {isa = PBXFileReference; fileEncoding = 4; lastKnownFileType = sourcecode.c.h; path = "std-keywords.h"; sourceTree = "<group>"; };
		050C25FE135C8C3A0009766B /* std-math.h */ = {isa = PBXFileReference; fileEncoding = 4; lastKnownFileType = sourcecode.c.h; path = "std-math.h"; sourceTree = "<group>"; };
		050C25FF135C8C3A0009766B /* std-md5.h */ = {isa = PBXFileReference; fileEncoding = 4; lastKnownFileType = sourcecode.c.h; path = "std-md5.h"; sourceTree = "<group>"; };
		050C2600135C8C3A0009766B /* std-posix.h */ = {isa = PBXFileReference; fileEncoding = 4; lastKnownFileType = sourcecode.c.h; path = "std-posix.h"; sourceTree = "<group>"; };
		050C2601135C8C3A0009766B /* std-string.h */ = {isa = PBXFileReference; fileEncoding = 4; lastKnownFileType = sourcecode.c.h; path = "std-string.h"; sourceTree = "<group>"; };
		050C2602135C8C3A0009766B /* std.h */ = {isa = PBXFileReference; fileEncoding = 4; lastKnownFileType = sourcecode.c.h; path = std.h; sourceTree = "<group>"; };
		050C2604135C8C3A0009766B /* win32-compat.h */ = {isa = PBXFileReference; fileEncoding = 4; lastKnownFileType = sourcecode.c.h; path = "win32-compat.h"; sourceTree = "<group>"; };
		050C2605135C8C3A0009766B /* win32-getpid.h */ = {isa = PBXFileReference; fileEncoding = 4; lastKnownFileType = sourcecode.c.h; path = "win32-getpid.h"; sourceTree = "<group>"; };
		050C2606135C8C3A0009766B /* win32-pthread.h */ = {isa = PBXFileReference; fileEncoding = 4; lastKnownFileType = sourcecode.c.h; path = "win32-pthread.h"; sourceTree = "<group>"; };
		050C2607135C8C3A0009766B /* win32-signal.h */ = {isa = PBXFileReference; fileEncoding = 4; lastKnownFileType = sourcecode.c.h; path = "win32-signal.h"; sourceTree = "<group>"; };
		050C2608135C8C3A0009766B /* win32-stat.h */ = {isa = PBXFileReference; fileEncoding = 4; lastKnownFileType = sourcecode.c.h; path = "win32-stat.h"; sourceTree = "<group>"; };
		050C2609135C8C3A0009766B /* win32-types.h */ = {isa = PBXFileReference; fileEncoding = 4; lastKnownFileType = sourcecode.c.h; path = "win32-types.h"; sourceTree = "<group>"; };
		050C260A135C8C3A0009766B /* win32-usleep.h */ = {isa = PBXFileReference; fileEncoding = 4; lastKnownFileType = sourcecode.c.h; path = "win32-usleep.h"; sourceTree = "<group>"; };
		050C260B135C8C3A0009766B /* win32.h */ = {isa = PBXFileReference; fileEncoding = 4; lastKnownFileType = sourcecode.c.h; path = win32.h; sourceTree = "<group>"; };
		050C260E135C8C3A0009766B /* __XSApplication.h */ = {isa = PBXFileReference; fileEncoding = 4; lastKnownFileType = sourcecode.c.h; path = __XSApplication.h; sourceTree = "<group>"; };
		050C260F135C8C3A0009766B /* __XSApplicationArgument.h */ = {isa = PBXFileReference; fileEncoding = 4; lastKnownFileType = sourcecode.c.h; path = __XSApplicationArgument.h; sourceTree = "<group>"; };
		050C2610135C8C3A0009766B /* __XSArray.h */ = {isa = PBXFileReference; fileEncoding = 4; lastKnownFileType = sourcecode.c.h; path = __XSArray.h; sourceTree = "<group>"; };
		050C2611135C8C3A0009766B /* __XSBag.h */ = {isa = PBXFileReference; fileEncoding = 4; lastKnownFileType = sourcecode.c.h; path = __XSBag.h; sourceTree = "<group>"; };
		050C2612135C8C3A0009766B /* __XSBool.h */ = {isa = PBXFileReference; fileEncoding = 4; lastKnownFileType = sourcecode.c.h; path = __XSBool.h; sourceTree = "<group>"; };
		050C2613135C8C3A0009766B /* __XSBTree.h */ = {isa = PBXFileReference; fileEncoding = 4; lastKnownFileType = sourcecode.c.h; path = __XSBTree.h; sourceTree = "<group>"; };
		050C2614135C8C3A0009766B /* __XSColor.h */ = {isa = PBXFileReference; fileEncoding = 4; lastKnownFileType = sourcecode.c.h; path = __XSColor.h; sourceTree = "<group>"; };
		050C2615135C8C3A0009766B /* __XSData.h */ = {isa = PBXFileReference; fileEncoding = 4; lastKnownFileType = sourcecode.c.h; path = __XSData.h; sourceTree = "<group>"; };
		050C2616135C8C3A0009766B /* __XSDictionary.h */ = {isa = PBXFileReference; fileEncoding = 4; lastKnownFileType = sourcecode.c.h; path = __XSDictionary.h; sourceTree = "<group>"; };
		050C2617135C8C3A0009766B /* __XSError.h */ = {isa = PBXFileReference; fileEncoding = 4; lastKnownFileType = sourcecode.c.h; path = __XSError.h; sourceTree = "<group>"; };
		050C2618135C8C3A0009766B /* __XSFile.h */ = {isa = PBXFileReference; fileEncoding = 4; lastKnownFileType = sourcecode.c.h; path = __XSFile.h; sourceTree = "<group>"; };
		050C2619135C8C3A0009766B /* __XSLock.h */ = {isa = PBXFileReference; fileEncoding = 4; lastKnownFileType = sourcecode.c.h; path = __XSLock.h; sourceTree = "<group>"; };
		050C261A135C8C3A0009766B /* __XSLog.h */ = {isa = PBXFileReference; fileEncoding = 4; lastKnownFileType = sourcecode.c.h; path = __XSLog.h; sourceTree = "<group>"; };
		050C261B135C8C3A0009766B /* __XSMemory.h */ = {isa = PBXFileReference; fileEncoding = 4; lastKnownFileType = sourcecode.c.h; path = __XSMemory.h; sourceTree = "<group>"; };
		050C261C135C8C3A0009766B /* __XSMemoryDebug.h */ = {isa = PBXFileReference; fileEncoding = 4; lastKnownFileType = sourcecode.c.h; path = __XSMemoryDebug.h; sourceTree = "<group>"; };
		050C261D135C8C3A0009766B /* __XSNotification.h */ = {isa = PBXFileReference; fileEncoding = 4; lastKnownFileType = sourcecode.c.h; path = __XSNotification.h; sourceTree = "<group>"; };
		050C261E135C8C3A0009766B /* __XSNotificationCenter.h */ = {isa = PBXFileReference; fileEncoding = 4; lastKnownFileType = sourcecode.c.h; path = __XSNotificationCenter.h; sourceTree = "<group>"; };
		050C261F135C8C3A0009766B /* __XSNull.h */ = {isa = PBXFileReference; fileEncoding = 4; lastKnownFileType = sourcecode.c.h; path = __XSNull.h; sourceTree = "<group>"; };
		050C2620135C8C3A0009766B /* __XSNumber.h */ = {isa = PBXFileReference; fileEncoding = 4; lastKnownFileType = sourcecode.c.h; path = __XSNumber.h; sourceTree = "<group>"; };
		050C2621135C8C3A0009766B /* __XSSet.h */ = {isa = PBXFileReference; fileEncoding = 4; lastKnownFileType = sourcecode.c.h; path = __XSSet.h; sourceTree = "<group>"; };
		050C2622135C8C3A0009766B /* __XSSort.h */ = {isa = PBXFileReference; fileEncoding = 4; lastKnownFileType = sourcecode.c.h; path = __XSSort.h; sourceTree = "<group>"; };
		050C2623135C8C3A0009766B /* __XSString.h */ = {isa = PBXFileReference; fileEncoding = 4; lastKnownFileType = sourcecode.c.h; path = __XSString.h; sourceTree = "<group>"; };
		050C2624135C8C3A0009766B /* __XSThread.h */ = {isa = PBXFileReference; fileEncoding = 4; lastKnownFileType = sourcecode.c.h; path = __XSThread.h; sourceTree = "<group>"; };
		050C2625135C8C3A0009766B /* __XSTimer.h */ = {isa = PBXFileReference; fileEncoding = 4; lastKnownFileType = sourcecode.c.h; path = __XSTimer.h; sourceTree = "<group>"; };
		050C2626135C8C3A0009766B /* XSApplication.h */ = {isa = PBXFileReference; fileEncoding = 4; lastKnownFileType = sourcecode.c.h; path = XSApplication.h; sourceTree = "<group>"; };
		050C2627135C8C3A0009766B /* XSApplicationArgument.h */ = {isa = PBXFileReference; fileEncoding = 4; lastKnownFileType = sourcecode.c.h; path = XSApplicationArgument.h; sourceTree = "<group>"; };
		050C2628135C8C3A0009766B /* XSArray.h */ = {isa = PBXFileReference; fileEncoding = 4; lastKnownFileType = sourcecode.c.h; path = XSArray.h; sourceTree = "<group>"; };
		050C2629135C8C3A0009766B /* XSBag.h */ = {isa = PBXFileReference; fileEncoding = 4; lastKnownFileType = sourcecode.c.h; path = XSBag.h; sourceTree = "<group>"; };
		050C262A135C8C3A0009766B /* XSBool.h */ = {isa = PBXFileReference; fileEncoding = 4; lastKnownFileType = sourcecode.c.h; path = XSBool.h; sourceTree = "<group>"; };
		050C262B135C8C3A0009766B /* XSBTree.h */ = {isa = PBXFileReference; fileEncoding = 4; lastKnownFileType = sourcecode.c.h; path = XSBTree.h; sourceTree = "<group>"; };
		050C262C135C8C3A0009766B /* XSColor.h */ = {isa = PBXFileReference; fileEncoding = 4; lastKnownFileType = sourcecode.c.h; path = XSColor.h; sourceTree = "<group>"; };
		050C262D135C8C3A0009766B /* XSConstants.h */ = {isa = PBXFileReference; fileEncoding = 4; lastKnownFileType = sourcecode.c.h; path = XSConstants.h; sourceTree = "<group>"; };
		050C262E135C8C3A0009766B /* XSData.h */ = {isa = PBXFileReference; fileEncoding = 4; lastKnownFileType = sourcecode.c.h; path = XSData.h; sourceTree = "<group>"; };
		050C262F135C8C3A0009766B /* XSDictionary.h */ = {isa = PBXFileReference; fileEncoding = 4; lastKnownFileType = sourcecode.c.h; path = XSDictionary.h; sourceTree = "<group>"; };
		050C2630135C8C3A0009766B /* XSError.h */ = {isa = PBXFileReference; fileEncoding = 4; lastKnownFileType = sourcecode.c.h; path = XSError.h; sourceTree = "<group>"; };
		050C2631135C8C3A0009766B /* XSFile.h */ = {isa = PBXFileReference; fileEncoding = 4; lastKnownFileType = sourcecode.c.h; path = XSFile.h; sourceTree = "<group>"; };
		050C2632135C8C3A0009766B /* XSGeometry.h */ = {isa = PBXFileReference; fileEncoding = 4; lastKnownFileType = sourcecode.c.h; path = XSGeometry.h; sourceTree = "<group>"; };
		050C2633135C8C3A0009766B /* XSLock.h */ = {isa = PBXFileReference; fileEncoding = 4; lastKnownFileType = sourcecode.c.h; path = XSLock.h; sourceTree = "<group>"; };
		050C2634135C8C3A0009766B /* XSLog.h */ = {isa = PBXFileReference; fileEncoding = 4; lastKnownFileType = sourcecode.c.h; path = XSLog.h; sourceTree = "<group>"; };
		050C2635135C8C3A0009766B /* XSMacros.h */ = {isa = PBXFileReference; fileEncoding = 4; lastKnownFileType = sourcecode.c.h; path = XSMacros.h; sourceTree = "<group>"; };
		050C2636135C8C3A0009766B /* XSMacrosTarget.h */ = {isa = PBXFileReference; fileEncoding = 4; lastKnownFileType = sourcecode.c.h; path = XSMacrosTarget.h; sourceTree = "<group>"; };
		050C2637135C8C3A0009766B /* XSMemory.h */ = {isa = PBXFileReference; fileEncoding = 4; lastKnownFileType = sourcecode.c.h; path = XSMemory.h; sourceTree = "<group>"; };
		050C2638135C8C3A0009766B /* XSNotification.h */ = {isa = PBXFileReference; fileEncoding = 4; lastKnownFileType = sourcecode.c.h; path = XSNotification.h; sourceTree = "<group>"; };
		050C2639135C8C3A0009766B /* XSNotificationCenter.h */ = {isa = PBXFileReference; fileEncoding = 4; lastKnownFileType = sourcecode.c.h; path = XSNotificationCenter.h; sourceTree = "<group>"; };
		050C263A135C8C3A0009766B /* XSNull.h */ = {isa = PBXFileReference; fileEncoding = 4; lastKnownFileType = sourcecode.c.h; path = XSNull.h; sourceTree = "<group>"; };
		050C263B135C8C3A0009766B /* XSNumber.h */ = {isa = PBXFileReference; fileEncoding = 4; lastKnownFileType = sourcecode.c.h; path = XSNumber.h; sourceTree = "<group>"; };
		050C263C135C8C3A0009766B /* XSRuntime.h */ = {isa = PBXFileReference; fileEncoding = 4; lastKnownFileType = sourcecode.c.h; path = XSRuntime.h; sourceTree = "<group>"; };
		050C263D135C8C3A0009766B /* XSSet.h */ = {isa = PBXFileReference; fileEncoding = 4; lastKnownFileType = sourcecode.c.h; path = XSSet.h; sourceTree = "<group>"; };
		050C263E135C8C3A0009766B /* XSSort.h */ = {isa = PBXFileReference; fileEncoding = 4; lastKnownFileType = sourcecode.c.h; path = XSSort.h; sourceTree = "<group>"; };
		050C263F135C8C3A0009766B /* XSString.h */ = {isa = PBXFileReference; fileEncoding = 4; lastKnownFileType = sourcecode.c.h; path = XSString.h; sourceTree = "<group>"; };
		050C2640135C8C3A0009766B /* XSThread.h */ = {isa = PBXFileReference; fileEncoding = 4; lastKnownFileType = sourcecode.c.h; path = XSThread.h; sourceTree = "<group>"; };
		050C2641135C8C3A0009766B /* XSTimer.h */ = {isa = PBXFileReference; fileEncoding = 4; lastKnownFileType = sourcecode.c.h; path = XSTimer.h; sourceTree = "<group>"; };
		050C2642135C8C3A0009766B /* XSTypes.h */ = {isa = PBXFileReference; fileEncoding = 4; lastKnownFileType = sourcecode.c.h; path = XSTypes.h; sourceTree = "<group>"; };
		050C2643135C8C3A0009766B /* XS.h */ = {isa = PBXFileReference; fileEncoding = 4; lastKnownFileType = sourcecode.c.h; path = XS.h; sourceTree = "<group>"; };
		050C2644135C8C3A0009766B /* std-md5.c */ = {isa = PBXFileReference; fileEncoding = 4; lastKnownFileType = sourcecode.c.c; path = "std-md5.c"; sourceTree = "<group>"; };
		050C2645135C8C3A0009766B /* std-string.c */ = {isa = PBXFileReference; fileEncoding = 4; lastKnownFileType = sourcecode.c.c; path = "std-string.c"; sourceTree = "<group>"; };
		050C2646135C8C3A0009766B /* win32-getpid.c */ = {isa = PBXFileReference; fileEncoding = 4; lastKnownFileType = sourcecode.c.c; path = "win32-getpid.c"; sourceTree = "<group>"; };
		050C2647135C8C3A0009766B /* win32-pthread.c */ = {isa = PBXFileReference; fileEncoding = 4; lastKnownFileType = sourcecode.c.c; path = "win32-pthread.c"; sourceTree = "<group>"; };
		050C2648135C8C3A0009766B /* win32-signal.c */ = {isa = PBXFileReference; fileEncoding = 4; lastKnownFileType = sourcecode.c.c; path = "win32-signal.c"; sourceTree = "<group>"; };
		050C2649135C8C3A0009766B /* win32-stat.c */ = {isa = PBXFileReference; fileEncoding = 4; lastKnownFileType = sourcecode.c.c; path = "win32-stat.c"; sourceTree = "<group>"; };
		050C264A135C8C3A0009766B /* win32-usleep.c */ = {isa = PBXFileReference; fileEncoding = 4; lastKnownFileType = sourcecode.c.c; path = "win32-usleep.c"; sourceTree = "<group>"; };
		050C264B135C8C3A0009766B /* XSApplication.c */ = {isa = PBXFileReference; fileEncoding = 4; lastKnownFileType = sourcecode.c.c; path = XSApplication.c; sourceTree = "<group>"; };
		050C264C135C8C3A0009766B /* XSApplicationArgument.c */ = {isa = PBXFileReference; fileEncoding = 4; lastKnownFileType = sourcecode.c.c; path = XSApplicationArgument.c; sourceTree = "<group>"; };
		050C264D135C8C3A0009766B /* XSArray.c */ = {isa = PBXFileReference; fileEncoding = 4; lastKnownFileType = sourcecode.c.c; path = XSArray.c; sourceTree = "<group>"; };
		050C264E135C8C3A0009766B /* XSBag.c */ = {isa = PBXFileReference; fileEncoding = 4; lastKnownFileType = sourcecode.c.c; path = XSBag.c; sourceTree = "<group>"; };
		050C264F135C8C3A0009766B /* XSBool.c */ = {isa = PBXFileReference; fileEncoding = 4; lastKnownFileType = sourcecode.c.c; path = XSBool.c; sourceTree = "<group>"; };
		050C2650135C8C3A0009766B /* XSBTree.c */ = {isa = PBXFileReference; fileEncoding = 4; lastKnownFileType = sourcecode.c.c; path = XSBTree.c; sourceTree = "<group>"; };
		050C2651135C8C3A0009766B /* XSColor.c */ = {isa = PBXFileReference; fileEncoding = 4; lastKnownFileType = sourcecode.c.c; path = XSColor.c; sourceTree = "<group>"; };
		050C2652135C8C3A0009766B /* XSData.c */ = {isa = PBXFileReference; fileEncoding = 4; lastKnownFileType = sourcecode.c.c; path = XSData.c; sourceTree = "<group>"; };
		050C2653135C8C3A0009766B /* XSDictionary.c */ = {isa = PBXFileReference; fileEncoding = 4; lastKnownFileType = sourcecode.c.c; path = XSDictionary.c; sourceTree = "<group>"; };
		050C2654135C8C3A0009766B /* XSError.c */ = {isa = PBXFileReference; fileEncoding = 4; lastKnownFileType = sourcecode.c.c; path = XSError.c; sourceTree = "<group>"; };
		050C2655135C8C3A0009766B /* XSFile.c */ = {isa = PBXFileReference; fileEncoding = 4; lastKnownFileType = sourcecode.c.c; path = XSFile.c; sourceTree = "<group>"; };
		050C2656135C8C3A0009766B /* XSGeometry.c */ = {isa = PBXFileReference; fileEncoding = 4; lastKnownFileType = sourcecode.c.c; path = XSGeometry.c; sourceTree = "<group>"; };
		050C2657135C8C3A0009766B /* XSLock.c */ = {isa = PBXFileReference; fileEncoding = 4; lastKnownFileType = sourcecode.c.c; path = XSLock.c; sourceTree = "<group>"; };
		050C2658135C8C3A0009766B /* XSLog.c */ = {isa = PBXFileReference; fileEncoding = 4; lastKnownFileType = sourcecode.c.c; path = XSLog.c; sourceTree = "<group>"; };
		050C2659135C8C3A0009766B /* XSMemory.c */ = {isa = PBXFileReference; fileEncoding = 4; lastKnownFileType = sourcecode.c.c; path = XSMemory.c; sourceTree = "<group>"; };
		050C265A135C8C3A0009766B /* XSNotification.c */ = {isa = PBXFileReference; fileEncoding = 4; lastKnownFileType = sourcecode.c.c; path = XSNotification.c; sourceTree = "<group>"; };
		050C265B135C8C3A0009766B /* XSNotificationCenter.c */ = {isa = PBXFileReference; fileEncoding = 4; lastKnownFileType = sourcecode.c.c; path = XSNotificationCenter.c; sourceTree = "<group>"; };
		050C265C135C8C3A0009766B /* XSNull.c */ = {isa = PBXFileReference; fileEncoding = 4; lastKnownFileType = sourcecode.c.c; path = XSNull.c; sourceTree = "<group>"; };
		050C265D135C8C3A0009766B /* XSNumber.c */ = {isa = PBXFileReference; fileEncoding = 4; lastKnownFileType = sourcecode.c.c; path = XSNumber.c; sourceTree = "<group>"; };
		050C265E135C8C3A0009766B /* XSRuntime.c */ = {isa = PBXFileReference; fileEncoding = 4; lastKnownFileType = sourcecode.c.c; path = XSRuntime.c; sourceTree = "<group>"; };
		050C265F135C8C3A0009766B /* XSSet.c */ = {isa = PBXFileReference; fileEncoding = 4; lastKnownFileType = sourcecode.c.c; path = XSSet.c; sourceTree = "<group>"; };
		050C2660135C8C3A0009766B /* XSSort.c */ = {isa = PBXFileReference; fileEncoding = 4; lastKnownFileType = sourcecode.c.c; path = XSSort.c; sourceTree = "<group>"; };
		050C2661135C8C3A0009766B /* XSString.c */ = {isa = PBXFileReference; fileEncoding = 4; lastKnownFileType = sourcecode.c.c; path = XSString.c; sourceTree = "<group>"; };
		050C2662135C8C3A0009766B /* XSThread.c */ = {isa = PBXFileReference; fileEncoding = 4; lastKnownFileType = sourcecode.c.c; path = XSThread.c; sourceTree = "<group>"; };
		050C2663135C8C3A0009766B /* XSTimer.c */ = {isa = PBXFileReference; fileEncoding = 4; lastKnownFileType = sourcecode.c.c; path = XSTimer.c; sourceTree = "<group>"; };
		050C2664135C8C3A0009766B /* test.c */ = {isa = PBXFileReference; fileEncoding = 4; lastKnownFileType = sourcecode.c.c; path = test.c; sourceTree = "<group>"; };
		050C2665135C8C3A0009766B /* XSFoundation.doxygen */ = {isa = PBXFileReference; fileEncoding = 4; lastKnownFileType = text; path = XSFoundation.doxygen; sourceTree = "<group>"; };
		0573D2AC135CAB8900DC1C21 /* XSURL.h */ = {isa = PBXFileReference; fileEncoding = 4; lastKnownFileType = sourcecode.c.h; path = XSURL.h; sourceTree = "<group>"; };
		0573D2AE135CAB9300DC1C21 /* __XSURL.h */ = {isa = PBXFileReference; fileEncoding = 4; lastKnownFileType = sourcecode.c.h; path = __XSURL.h; sourceTree = "<group>"; };
		0573D2AF135CABA400DC1C21 /* XSURL.c */ = {isa = PBXFileReference; fileEncoding = 4; lastKnownFileType = sourcecode.c.c; path = XSURL.c; sourceTree = "<group>"; };
		0573D2B0135CABAE00DC1C21 /* __XSURL.c */ = {isa = PBXFileReference; fileEncoding = 4; lastKnownFileType = sourcecode.c.c; path = __XSURL.c; sourceTree = "<group>"; };
		05843CD7136021D6006D102B /* XSDebugLog.c */ = {isa = PBXFileReference; fileEncoding = 4; lastKnownFileType = sourcecode.c.c; path = XSDebugLog.c; sourceTree = "<group>"; };
		05C9A066135EE838000DFEC8 /* __XSHost.h */ = {isa = PBXFileReference; fileEncoding = 4; lastKnownFileType = sourcecode.c.h; path = __XSHost.h; sourceTree = "<group>"; };
		05C9A068135EE848000DFEC8 /* XSHost.h */ = {isa = PBXFileReference; fileEncoding = 4; lastKnownFileType = sourcecode.c.h; path = XSHost.h; sourceTree = "<group>"; };
		05C9A069135EE856000DFEC8 /* __XSHost.c */ = {isa = PBXFileReference; fileEncoding = 4; lastKnownFileType = sourcecode.c.c; path = __XSHost.c; sourceTree = "<group>"; };
		05C9A06A135EE85F000DFEC8 /* XSHost.c */ = {isa = PBXFileReference; fileEncoding = 4; lastKnownFileType = sourcecode.c.c; path = XSHost.c; sourceTree = "<group>"; };
		05C9A07E135EF7D6000DFEC8 /* stdafx.cpp */ = {isa = PBXFileReference; fileEncoding = 4; lastKnownFileType = sourcecode.cpp.cpp; path = stdafx.cpp; sourceTree = "<group>"; };
		05C9A07F135EF7D6000DFEC8 /* stdafx.h */ = {isa = PBXFileReference; fileEncoding = 4; lastKnownFileType = sourcecode.c.h; path = stdafx.h; sourceTree = "<group>"; };
		05C9A080135EF7D6000DFEC8 /* targetver.h */ = {isa = PBXFileReference; fileEncoding = 4; lastKnownFileType = sourcecode.c.h; path = targetver.h; sourceTree = "<group>"; };
		05C9A081135EF7D6000DFEC8 /* Win32Test.cpp */ = {isa = PBXFileReference; fileEncoding = 4; lastKnownFileType = sourcecode.cpp.cpp; path = Win32Test.cpp; sourceTree = "<group>"; };
		05C9A092135F6738000DFEC8 /* XSURLRequest.c */ = {isa = PBXFileReference; fileEncoding = 4; lastKnownFileType = sourcecode.c.c; path = XSURLRequest.c; sourceTree = "<group>"; };
		05C9A094135F6747000DFEC8 /* __XSURLRequest.c */ = {isa = PBXFileReference; fileEncoding = 4; lastKnownFileType = sourcecode.c.c; path = __XSURLRequest.c; sourceTree = "<group>"; };
		05C9A095135F6761000DFEC8 /* __XSURLRequest.h */ = {isa = PBXFileReference; fileEncoding = 4; lastKnownFileType = sourcecode.c.h; path = __XSURLRequest.h; sourceTree = "<group>"; };
		05C9A096135F676D000DFEC8 /* XSURLRequest.h */ = {isa = PBXFileReference; fileEncoding = 4; lastKnownFileType = sourcecode.c.h; path = XSURLRequest.h; sourceTree = "<group>"; };
		05C9A0A313601F3D000DFEC8 /* XSDebugLog.h */ = {isa = PBXFileReference; fileEncoding = 4; lastKnownFileType = sourcecode.c.h; path = XSDebugLog.h; sourceTree = "<group>"; };
/* End PBXFileReference section */

/* Begin PBXGroup section */
		050C25C0135C8C070009766B = {
			isa = PBXGroup;
			children = (
				05C9A077135EF7D5000DFEC8 /* Win32Test */,
				050C25D3135C8C3A0009766B /* LICENSE.md */,
				050C25D4135C8C3A0009766B /* Makefile */,
				050C25D5135C8C3A0009766B /* README.md */,
				050C2664135C8C3A0009766B /* test.c */,
				050C2665135C8C3A0009766B /* XSFoundation.doxygen */,
				050C25D6135C8C3A0009766B /* source */,
			);
			sourceTree = "<group>";
		};
		050C25D6135C8C3A0009766B /* source */ = {
			isa = PBXGroup;
			children = (
				050C25F0135C8C3A0009766B /* include */,
				050C25D7135C8C3A0009766B /* __XSApplication.c */,
				050C25D8135C8C3A0009766B /* __XSApplicationArgument.c */,
				050C25D9135C8C3A0009766B /* __XSArray.c */,
				050C25DA135C8C3A0009766B /* __XSBag.c */,
				050C25DB135C8C3A0009766B /* __XSBool.c */,
				050C25DC135C8C3A0009766B /* __XSBTree.c */,
				050C25DD135C8C3A0009766B /* __XSColor.c */,
				050C25DE135C8C3A0009766B /* __XSData.c */,
				050C25DF135C8C3A0009766B /* __XSDictionary.c */,
				050C25E0135C8C3A0009766B /* __XSError.c */,
				050C25E1135C8C3A0009766B /* __XSFile.c */,
				05C9A069135EE856000DFEC8 /* __XSHost.c */,
				050C25E2135C8C3A0009766B /* __XSLock.c */,
				050C25E3135C8C3A0009766B /* __XSLog.c */,
				050C25E4135C8C3A0009766B /* __XSMemory.c */,
				050C25E5135C8C3A0009766B /* __XSMemoryDebug.c */,
				050C25E6135C8C3A0009766B /* __XSNotification.c */,
				050C25E7135C8C3A0009766B /* __XSNotificationCenter.c */,
				050C25E8135C8C3A0009766B /* __XSNull.c */,
				050C25E9135C8C3A0009766B /* __XSNumber.c */,
				050C25EA135C8C3A0009766B /* __XSSet.c */,
				050C25EB135C8C3A0009766B /* __XSSort.c */,
				050C25EC135C8C3A0009766B /* __XSString.c */,
				050C25ED135C8C3A0009766B /* __XSThread.c */,
				050C25EE135C8C3A0009766B /* __XSTimer.c */,
				0573D2B0135CABAE00DC1C21 /* __XSURL.c */,
				05C9A094135F6747000DFEC8 /* __XSURLRequest.c */,
				050C25EF135C8C3A0009766B /* eos-skl.c */,
				050C2644135C8C3A0009766B /* std-md5.c */,
				050C2645135C8C3A0009766B /* std-string.c */,
				050C2646135C8C3A0009766B /* win32-getpid.c */,
				050C2647135C8C3A0009766B /* win32-pthread.c */,
				050C2648135C8C3A0009766B /* win32-signal.c */,
				050C2649135C8C3A0009766B /* win32-stat.c */,
				050C264A135C8C3A0009766B /* win32-usleep.c */,
				050C264B135C8C3A0009766B /* XSApplication.c */,
				050C264C135C8C3A0009766B /* XSApplicationArgument.c */,
				050C264D135C8C3A0009766B /* XSArray.c */,
				050C264E135C8C3A0009766B /* XSBag.c */,
				050C264F135C8C3A0009766B /* XSBool.c */,
				050C2650135C8C3A0009766B /* XSBTree.c */,
				050C2651135C8C3A0009766B /* XSColor.c */,
				05843CD7136021D6006D102B /* XSDebugLog.c */,
				050C2652135C8C3A0009766B /* XSData.c */,
				050C2653135C8C3A0009766B /* XSDictionary.c */,
				050C2654135C8C3A0009766B /* XSError.c */,
				050C2655135C8C3A0009766B /* XSFile.c */,
				050C2656135C8C3A0009766B /* XSGeometry.c */,
				05C9A06A135EE85F000DFEC8 /* XSHost.c */,
				050C2657135C8C3A0009766B /* XSLock.c */,
				050C2658135C8C3A0009766B /* XSLog.c */,
				050C2659135C8C3A0009766B /* XSMemory.c */,
				050C265A135C8C3A0009766B /* XSNotification.c */,
				050C265B135C8C3A0009766B /* XSNotificationCenter.c */,
				050C265C135C8C3A0009766B /* XSNull.c */,
				050C265D135C8C3A0009766B /* XSNumber.c */,
				050C265E135C8C3A0009766B /* XSRuntime.c */,
				050C265F135C8C3A0009766B /* XSSet.c */,
				050C2660135C8C3A0009766B /* XSSort.c */,
				050C2661135C8C3A0009766B /* XSString.c */,
				050C2662135C8C3A0009766B /* XSThread.c */,
				050C2663135C8C3A0009766B /* XSTimer.c */,
				0573D2AF135CABA400DC1C21 /* XSURL.c */,
				05C9A092135F6738000DFEC8 /* XSURLRequest.c */,
			);
			path = source;
			sourceTree = "<group>";
		};
		050C25F0135C8C3A0009766B /* include */ = {
			isa = PBXGroup;
			children = (
				050C25F1135C8C3A0009766B /* eos-skl */,
				050C25F8135C8C3A0009766B /* std */,
				050C2603135C8C3A0009766B /* win32 */,
				050C260C135C8C3A0009766B /* xs */,
				050C2643135C8C3A0009766B /* XS.h */,
			);
			path = include;
			sourceTree = "<group>";
		};
		050C25F1135C8C3A0009766B /* eos-skl */ = {
			isa = PBXGroup;
			children = (
				050C25F2135C8C3A0009766B /* __private */,
				050C25F7135C8C3A0009766B /* eos-skl.h */,
			);
			path = "eos-skl";
			sourceTree = "<group>";
		};
		050C25F2135C8C3A0009766B /* __private */ = {
			isa = PBXGroup;
			children = (
				050C25F3135C8C3A0009766B /* __machine.h */,
				050C25F4135C8C3A0009766B /* arch */,
			);
			path = __private;
			sourceTree = "<group>";
		};
		050C25F4135C8C3A0009766B /* arch */ = {
			isa = PBXGroup;
			children = (
				050C25F5135C8C3A0009766B /* __arm.h */,
				050C25F6135C8C3A0009766B /* __i386.h */,
			);
			path = arch;
			sourceTree = "<group>";
		};
		050C25F8135C8C3A0009766B /* std */ = {
			isa = PBXGroup;
			children = (
				050C25F9135C8C3A0009766B /* std-ascii.h */,
				050C25FA135C8C3A0009766B /* std-bitwise.h */,
				050C25FB135C8C3A0009766B /* std-bool.h */,
				050C25FC135C8C3A0009766B /* std-c99.h */,
				050C25FD135C8C3A0009766B /* std-keywords.h */,
				050C25FE135C8C3A0009766B /* std-math.h */,
				050C25FF135C8C3A0009766B /* std-md5.h */,
				050C2600135C8C3A0009766B /* std-posix.h */,
				050C2601135C8C3A0009766B /* std-string.h */,
				050C2602135C8C3A0009766B /* std.h */,
			);
			path = std;
			sourceTree = "<group>";
		};
		050C2603135C8C3A0009766B /* win32 */ = {
			isa = PBXGroup;
			children = (
				050C2604135C8C3A0009766B /* win32-compat.h */,
				050C2605135C8C3A0009766B /* win32-getpid.h */,
				050C2606135C8C3A0009766B /* win32-pthread.h */,
				050C2607135C8C3A0009766B /* win32-signal.h */,
				050C2608135C8C3A0009766B /* win32-stat.h */,
				050C2609135C8C3A0009766B /* win32-types.h */,
				050C260A135C8C3A0009766B /* win32-usleep.h */,
				050C260B135C8C3A0009766B /* win32.h */,
			);
			path = win32;
			sourceTree = "<group>";
		};
		050C260C135C8C3A0009766B /* xs */ = {
			isa = PBXGroup;
			children = (
				050C260D135C8C3A0009766B /* __private */,
				050C2626135C8C3A0009766B /* XSApplication.h */,
				050C2627135C8C3A0009766B /* XSApplicationArgument.h */,
				050C2628135C8C3A0009766B /* XSArray.h */,
				050C2629135C8C3A0009766B /* XSBag.h */,
				050C262A135C8C3A0009766B /* XSBool.h */,
				050C262B135C8C3A0009766B /* XSBTree.h */,
				050C262C135C8C3A0009766B /* XSColor.h */,
				050C262D135C8C3A0009766B /* XSConstants.h */,
				050C262E135C8C3A0009766B /* XSData.h */,
				05C9A0A313601F3D000DFEC8 /* XSDebugLog.h */,
				050C262F135C8C3A0009766B /* XSDictionary.h */,
				050C2630135C8C3A0009766B /* XSError.h */,
				050C2631135C8C3A0009766B /* XSFile.h */,
				050C2632135C8C3A0009766B /* XSGeometry.h */,
				05C9A068135EE848000DFEC8 /* XSHost.h */,
				050C2633135C8C3A0009766B /* XSLock.h */,
				050C2634135C8C3A0009766B /* XSLog.h */,
				050C2635135C8C3A0009766B /* XSMacros.h */,
				050C2636135C8C3A0009766B /* XSMacrosTarget.h */,
				050C2637135C8C3A0009766B /* XSMemory.h */,
				050C2638135C8C3A0009766B /* XSNotification.h */,
				050C2639135C8C3A0009766B /* XSNotificationCenter.h */,
				050C263A135C8C3A0009766B /* XSNull.h */,
				050C263B135C8C3A0009766B /* XSNumber.h */,
				050C263C135C8C3A0009766B /* XSRuntime.h */,
				050C263D135C8C3A0009766B /* XSSet.h */,
				050C263E135C8C3A0009766B /* XSSort.h */,
				050C263F135C8C3A0009766B /* XSString.h */,
				050C2640135C8C3A0009766B /* XSThread.h */,
				050C2641135C8C3A0009766B /* XSTimer.h */,
				050C2642135C8C3A0009766B /* XSTypes.h */,
				0573D2AC135CAB8900DC1C21 /* XSURL.h */,
				05C9A096135F676D000DFEC8 /* XSURLRequest.h */,
			);
			path = xs;
			sourceTree = "<group>";
		};
		050C260D135C8C3A0009766B /* __private */ = {
			isa = PBXGroup;
			children = (
				050C260E135C8C3A0009766B /* __XSApplication.h */,
				050C260F135C8C3A0009766B /* __XSApplicationArgument.h */,
				050C2610135C8C3A0009766B /* __XSArray.h */,
				050C2611135C8C3A0009766B /* __XSBag.h */,
				050C2612135C8C3A0009766B /* __XSBool.h */,
				050C2613135C8C3A0009766B /* __XSBTree.h */,
				050C2614135C8C3A0009766B /* __XSColor.h */,
				050C2615135C8C3A0009766B /* __XSData.h */,
				050C2616135C8C3A0009766B /* __XSDictionary.h */,
				050C2617135C8C3A0009766B /* __XSError.h */,
				050C2618135C8C3A0009766B /* __XSFile.h */,
				05C9A066135EE838000DFEC8 /* __XSHost.h */,
				050C2619135C8C3A0009766B /* __XSLock.h */,
				050C261A135C8C3A0009766B /* __XSLog.h */,
				050C261B135C8C3A0009766B /* __XSMemory.h */,
				050C261C135C8C3A0009766B /* __XSMemoryDebug.h */,
				050C261D135C8C3A0009766B /* __XSNotification.h */,
				050C261E135C8C3A0009766B /* __XSNotificationCenter.h */,
				050C261F135C8C3A0009766B /* __XSNull.h */,
				050C2620135C8C3A0009766B /* __XSNumber.h */,
				050C2621135C8C3A0009766B /* __XSSet.h */,
				050C2622135C8C3A0009766B /* __XSSort.h */,
				050C2623135C8C3A0009766B /* __XSString.h */,
				050C2624135C8C3A0009766B /* __XSThread.h */,
				050C2625135C8C3A0009766B /* __XSTimer.h */,
				0573D2AE135CAB9300DC1C21 /* __XSURL.h */,
				05C9A095135F6761000DFEC8 /* __XSURLRequest.h */,
			);
			path = __private;
			sourceTree = "<group>";
		};
		05C9A077135EF7D5000DFEC8 /* Win32Test */ = {
			isa = PBXGroup;
			children = (
				05C9A07F135EF7D6000DFEC8 /* stdafx.h */,
				05C9A07E135EF7D6000DFEC8 /* stdafx.cpp */,
				05C9A080135EF7D6000DFEC8 /* targetver.h */,
				05C9A081135EF7D6000DFEC8 /* Win32Test.cpp */,
			);
			path = Win32Test;
			sourceTree = "<group>";
		};
/* End PBXGroup section */

/* Begin PBXLegacyTarget section */
		050C25C7135C8C070009766B /* XSFoundation */ = {
			isa = PBXLegacyTarget;
			buildArgumentsString = "$(ACTION)";
			buildConfigurationList = 050C25CA135C8C070009766B /* Build configuration list for PBXLegacyTarget "XSFoundation" */;
			buildPhases = (
			);
			buildToolPath = /usr/bin/make;
			dependencies = (
			);
			name = XSFoundation;
			passBuildSettingsInEnvironment = 1;
			productName = XSFoundation;
		};
/* End PBXLegacyTarget section */

/* Begin PBXProject section */
		050C25C2135C8C070009766B /* Project object */ = {
			isa = PBXProject;
			attributes = {
				ORGANIZATIONNAME = eosgarden;
			};
			buildConfigurationList = 050C25C5135C8C070009766B /* Build configuration list for PBXProject "XSFoundation" */;
			compatibilityVersion = "Xcode 3.2";
			developmentRegion = English;
			hasScannedForEncodings = 0;
			knownRegions = (
				en,
			);
			mainGroup = 050C25C0135C8C070009766B;
			projectDirPath = "";
			projectRoot = "";
			targets = (
				050C25C7135C8C070009766B /* XSFoundation */,
			);
		};
/* End PBXProject section */

/* Begin XCBuildConfiguration section */
		050C25C8135C8C070009766B /* Debug */ = {
			isa = XCBuildConfiguration;
			buildSettings = {
				ARCHS = "$(ARCHS_STANDARD_32_64_BIT)";
				GCC_C_LANGUAGE_STANDARD = gnu99;
				GCC_OPTIMIZATION_LEVEL = 0;
				GCC_PREPROCESSOR_DEFINITIONS = DEBUG;
				GCC_SYMBOLS_PRIVATE_EXTERN = NO;
				GCC_VERSION = com.apple.compilers.llvm.clang.1_0;
				GCC_WARN_64_TO_32_BIT_CONVERSION = YES;
				GCC_WARN_ABOUT_RETURN_TYPE = YES;
				GCC_WARN_UNUSED_VARIABLE = YES;
				MACOSX_DEPLOYMENT_TARGET = 10.6;
				ONLY_ACTIVE_ARCH = YES;
				SDKROOT = macosx;
			};
			name = Debug;
		};
		050C25C9135C8C070009766B /* Release */ = {
			isa = XCBuildConfiguration;
			buildSettings = {
				ARCHS = "$(ARCHS_STANDARD_32_64_BIT)";
				GCC_C_LANGUAGE_STANDARD = gnu99;
				GCC_VERSION = com.apple.compilers.llvm.clang.1_0;
				GCC_WARN_64_TO_32_BIT_CONVERSION = YES;
				GCC_WARN_ABOUT_RETURN_TYPE = YES;
				GCC_WARN_UNUSED_VARIABLE = YES;
				MACOSX_DEPLOYMENT_TARGET = 10.6;
				SDKROOT = macosx;
			};
			name = Release;
		};
		050C25CB135C8C070009766B /* Debug */ = {
			isa = XCBuildConfiguration;
			buildSettings = {
				ALWAYS_SEARCH_USER_PATHS = NO;
				COPY_PHASE_STRIP = NO;
				DEBUGGING_SYMBOLS = YES;
				GCC_DYNAMIC_NO_PIC = NO;
				GCC_ENABLE_OBJC_EXCEPTIONS = YES;
				GCC_GENERATE_DEBUGGING_SYMBOLS = YES;
				GCC_OPTIMIZATION_LEVEL = 0;
				OTHER_CFLAGS = "";
				OTHER_LDFLAGS = "";
				PRODUCT_NAME = "$(TARGET_NAME)";
			};
			name = Debug;
		};
		050C25CC135C8C070009766B /* Release */ = {
			isa = XCBuildConfiguration;
			buildSettings = {
				ALWAYS_SEARCH_USER_PATHS = NO;
				COPY_PHASE_STRIP = YES;
				DEBUG_INFORMATION_FORMAT = "dwarf-with-dsym";
				GCC_ENABLE_OBJC_EXCEPTIONS = YES;
				OTHER_CFLAGS = "";
				OTHER_LDFLAGS = "";
				PRODUCT_NAME = "$(TARGET_NAME)";
			};
			name = Release;
		};
/* End XCBuildConfiguration section */

/* Begin XCConfigurationList section */
		050C25C5135C8C070009766B /* Build configuration list for PBXProject "XSFoundation" */ = {
			isa = XCConfigurationList;
			buildConfigurations = (
				050C25C8135C8C070009766B /* Debug */,
				050C25C9135C8C070009766B /* Release */,
			);
			defaultConfigurationIsVisible = 0;
			defaultConfigurationName = Release;
		};
		050C25CA135C8C070009766B /* Build configuration list for PBXLegacyTarget "XSFoundation" */ = {
			isa = XCConfigurationList;
			buildConfigurations = (
				050C25CB135C8C070009766B /* Debug */,
				050C25CC135C8C070009766B /* Release */,
			);
			defaultConfigurationIsVisible = 0;
			defaultConfigurationName = Release;
		};
/* End XCConfigurationList section */
	};
	rootObject = 050C25C2135C8C070009766B /* Project object */;
}
